// !$*UTF8*$!
{
	archiveVersion = 1;
	classes = {
	};
	objectVersion = 46;
	objects = {

/* Begin PBXBuildFile section */
		0546D1A38E13BD319CC9755B /* OscReceivedElements.cpp in Sources */ = {isa = PBXBuildFile; fileRef = 9BF3AA0D4FAA89D0F8A0E545 /* OscReceivedElements.cpp */; };
		07FA109EBC01AC30579D0CEB /* ofxMidiMapper.cpp in Sources */ = {isa = PBXBuildFile; fileRef = AB92FBC819275B1E263070BF /* ofxMidiMapper.cpp */; };
		0BFC9C20FD7E3C8D5873AA97 /* ofxMidiIn.cpp in Sources */ = {isa = PBXBuildFile; fileRef = 3DD359247F3ED1550D8BB5C9 /* ofxMidiIn.cpp */; };
		0CF609398035A139739C642F /* messages_mosq.c in Sources */ = {isa = PBXBuildFile; fileRef = EF45DDBE5A59AED075FF9C6E /* messages_mosq.c */; };
		1030C647FD06E4D3E054F65D /* ofxMidiTimecode.cpp in Sources */ = {isa = PBXBuildFile; fileRef = 10E2C891AAA166534B1F3B4E /* ofxMidiTimecode.cpp */; };
		1A86B7721CAEBC6F1C572C45 /* ofxBaseMidi.cpp in Sources */ = {isa = PBXBuildFile; fileRef = 94B3C3C21F92F9310CA90986 /* ofxBaseMidi.cpp */; };
		1CD33E884D9E3358252E82A1 /* ofxToggle.cpp in Sources */ = {isa = PBXBuildFile; fileRef = 907C5B5E104864A2D3A25745 /* ofxToggle.cpp */; };
		229B5AA447F6239C8BDC3931 /* send_client_mosq.c in Sources */ = {isa = PBXBuildFile; fileRef = 659AB4C2445E81258285F1C2 /* send_client_mosq.c */; };
		33D12D60C8B487012D039982 /* socks_mosq.c in Sources */ = {isa = PBXBuildFile; fileRef = CA6461B56508A2567DDB95AD /* socks_mosq.c */; };
		3AEFE4FA8AD5C72671AD07F8 /* ofxRtMidiOut.cpp in Sources */ = {isa = PBXBuildFile; fileRef = 712B183BC00EBFFB1EEA5AB8 /* ofxRtMidiOut.cpp */; };
		483908258D00B98B4BE69F07 /* ofxLabel.cpp in Sources */ = {isa = PBXBuildFile; fileRef = 78D67A00EB899FAC09430597 /* ofxLabel.cpp */; };
		4ADB88E2FB52E76A471065DE /* ofxOscParameterSync.cpp in Sources */ = {isa = PBXBuildFile; fileRef = 0AED834CE4DEC5260AF302A2 /* ofxOscParameterSync.cpp */; };
		510CAFE035E576A4E1502D52 /* UdpSocket.cpp in Sources */ = {isa = PBXBuildFile; fileRef = E6DEF695B88BA5FAACEAA937 /* UdpSocket.cpp */; };
		5864AD82E20F15536D054EA3 /* ofxOscMessage.cpp in Sources */ = {isa = PBXBuildFile; fileRef = DF49D76C45D5DB505A234880 /* ofxOscMessage.cpp */; };
		5CBB2AB3A60F65431D7B555D /* ofxButton.cpp in Sources */ = {isa = PBXBuildFile; fileRef = C88333E71C9457E441C33474 /* ofxButton.cpp */; };
		607049008A0E2DE62923C795 /* thread_mosq.c in Sources */ = {isa = PBXBuildFile; fileRef = 372D8B2EA76C5A1A6E4F095B /* thread_mosq.c */; };
		62545D179C94265CA1389D4A /* OscOutboundPacketStream.cpp in Sources */ = {isa = PBXBuildFile; fileRef = 63A47AC60FFAFC3BF093EC0F /* OscOutboundPacketStream.cpp */; };
		631702104AFC104323A9EB79 /* CoreMIDI.framework in Frameworks */ = {isa = PBXBuildFile; fileRef = 81AC32CCCB56FAABA3E1BDE0 /* CoreMIDI.framework */; };
		63D0FD8734D5760B8080C901 /* RtMidi.cpp in Sources */ = {isa = PBXBuildFile; fileRef = ABDEF0ACF05BF28F5C74E008 /* RtMidi.cpp */; };
		63F9FE1D90234FA6DE6F509E /* ofxMidi.cpp in Sources */ = {isa = PBXBuildFile; fileRef = E238CCDE032640E0FEBFAD82 /* ofxMidi.cpp */; };
		640279EE111671BD026CB013 /* ofxOscReceiver.cpp in Sources */ = {isa = PBXBuildFile; fileRef = C2FAC65C491D4231379F3298 /* ofxOscReceiver.cpp */; };
		67FE4C7B15C2F0478C8126C2 /* NetworkingUtils.cpp in Sources */ = {isa = PBXBuildFile; fileRef = 3B361208CD4107E479F04E7B /* NetworkingUtils.cpp */; };
		6E28ED573A9439AD4275E4B6 /* mosquitto.c in Sources */ = {isa = PBXBuildFile; fileRef = 8C7C465BF37615545BD729C0 /* mosquitto.c */; };
		6E371BE1DF488FFCC6D96974 /* memory_mosq.c in Sources */ = {isa = PBXBuildFile; fileRef = FD11270E1BB19106DF40404A /* memory_mosq.c */; };
		6FC35AE9FF2BA37AAA22F22B /* ofxDmx.cpp in Sources */ = {isa = PBXBuildFile; fileRef = 9392DC5EC44D982A4E75D450 /* ofxDmx.cpp */; };
		7099DFCD6980112C91932B5D /* srv_mosq.c in Sources */ = {isa = PBXBuildFile; fileRef = 877854A6A09A484E87308B2B /* srv_mosq.c */; };
		72A929D3561B8232A182ABFC /* ofxOscBundle.cpp in Sources */ = {isa = PBXBuildFile; fileRef = 65EEFA3DA3526E9CDD9C21F9 /* ofxOscBundle.cpp */; };
		75D5E53067E1EE8D50367361 /* ofxMidiMappable.cpp in Sources */ = {isa = PBXBuildFile; fileRef = D39D836E26DCCDE4A47C2C31 /* ofxMidiMappable.cpp */; };
		837220E80EB56CD44AD27F2A /* ofxSlider.cpp in Sources */ = {isa = PBXBuildFile; fileRef = 15F2C6477A769C03A56D1401 /* ofxSlider.cpp */; };
		83D9F930112E0944444124EE /* ofxMidiOut.cpp in Sources */ = {isa = PBXBuildFile; fileRef = 04F77E5C73A62E2E77C78EC6 /* ofxMidiOut.cpp */; };
		852E0891794923EE7583C621 /* ofxInputField.cpp in Sources */ = {isa = PBXBuildFile; fileRef = 44B351490B620D04E1E7C52D /* ofxInputField.cpp */; };
		853E0BA2F448076739446874 /* ofxColorPicker.cpp in Sources */ = {isa = PBXBuildFile; fileRef = 181D363B6DD54D1FA6309C43 /* ofxColorPicker.cpp */; };
		856AA354D08AB4B323081444 /* ofxBaseGui.cpp in Sources */ = {isa = PBXBuildFile; fileRef = 9604B925D32EE39065747725 /* ofxBaseGui.cpp */; };
		879A251454401BC0B6E4F238 /* OscTypes.cpp in Sources */ = {isa = PBXBuildFile; fileRef = D9BFFBBF4CC43DEE890B3C3E /* OscTypes.cpp */; };
		881AF887EC2124F4105DE9E1 /* ofxMidiClock.cpp in Sources */ = {isa = PBXBuildFile; fileRef = A937731265782800A8359098 /* ofxMidiClock.cpp */; };
		8F5205AEF8861EF234F0651A /* ofxOscSender.cpp in Sources */ = {isa = PBXBuildFile; fileRef = 81967292BFC87A0144BD32C6 /* ofxOscSender.cpp */; };
		9B2CF76383928ACE80C27380 /* send_mosq.c in Sources */ = {isa = PBXBuildFile; fileRef = 2D34C6C0D5F23221F25E7CBF /* send_mosq.c */; };
		9DAB8F5963AB7CF59956F7A1 /* time_mosq.c in Sources */ = {isa = PBXBuildFile; fileRef = CD3E3BB3BBDDB1011AFF5ECA /* time_mosq.c */; };
		ABBE591657F86342C6FD1A01 /* logging_mosq.c in Sources */ = {isa = PBXBuildFile; fileRef = A74FFACAC6349365BD07E2A2 /* logging_mosq.c */; };
		ADE367465D2A8EBAD4C7A8D9 /* IpEndpointName.cpp in Sources */ = {isa = PBXBuildFile; fileRef = ADD194746185E2DA11468377 /* IpEndpointName.cpp */; };
		ADF3B754F9F6FE9D9055D0AF /* tls_mosq.c in Sources */ = {isa = PBXBuildFile; fileRef = AF5E8C2A87F91CB9D2EC55C6 /* tls_mosq.c */; };
		B266578FC55D23BFEBC042E7 /* ofxGuiGroup.cpp in Sources */ = {isa = PBXBuildFile; fileRef = ECF8674C7975F1063C5E30CA /* ofxGuiGroup.cpp */; };
		B56FE57CC35806596D38118C /* ofxSliderGroup.cpp in Sources */ = {isa = PBXBuildFile; fileRef = 802251BAF1B35B1D67B32FD0 /* ofxSliderGroup.cpp */; };
		B607B3001E1474A1183EFFE9 /* read_handle_shared.c in Sources */ = {isa = PBXBuildFile; fileRef = 96DB89E6D85AD54ACE9CF663 /* read_handle_shared.c */; };
		BCC8D420CBA9217E437D2D76 /* ofxRtMidiIn.cpp in Sources */ = {isa = PBXBuildFile; fileRef = F634AA6CA2E3C60F3B87B59A /* ofxRtMidiIn.cpp */; };
		C4782ECC372420ACE0615B74 /* OscPrintReceivedElements.cpp in Sources */ = {isa = PBXBuildFile; fileRef = BC8881B3C8C0A1C45F042E7A /* OscPrintReceivedElements.cpp */; };
		C6FE64F74F1EA1D98C8F9847 /* ofxMidiMessage.cpp in Sources */ = {isa = PBXBuildFile; fileRef = C0E7EDA67EDF213FC0E83D17 /* ofxMidiMessage.cpp */; };
		CA76139226F38C82C20F7285 /* ofxMQTT.cpp in Sources */ = {isa = PBXBuildFile; fileRef = A111E2BFFAC845899ECD9687 /* ofxMQTT.cpp */; };
		CC227C1954A371EAC038A77B /* will_mosq.c in Sources */ = {isa = PBXBuildFile; fileRef = E232D73FE09C910A6CE22BF5 /* will_mosq.c */; };
		CD47F1EDC1EB756D70EC3A54 /* read_handle_client.c in Sources */ = {isa = PBXBuildFile; fileRef = DE67CAB423AB6E05A8EB616C /* read_handle_client.c */; };
		CD943450E56BC0E8FA77CD2C /* ofxKeyMappable.cpp in Sources */ = {isa = PBXBuildFile; fileRef = 101DDF0A2839F1E5B06A39B4 /* ofxKeyMappable.cpp */; };
		D58A954937F42C124F569A52 /* util_mosq.c in Sources */ = {isa = PBXBuildFile; fileRef = D3966A67503CD9EE42BEF090 /* util_mosq.c */; };
		E1CCA7479A53A3597C9FE8A6 /* read_handle.c in Sources */ = {isa = PBXBuildFile; fileRef = E174BEDB7640DA6B9F3EE935 /* read_handle.c */; };
		E4328149138ABC9F0047C5CB /* openFrameworksDebug.a in Frameworks */ = {isa = PBXBuildFile; fileRef = E4328148138ABC890047C5CB /* openFrameworksDebug.a */; };
		E4B69E200A3A1BDC003C02F2 /* main.cpp in Sources */ = {isa = PBXBuildFile; fileRef = E4B69E1D0A3A1BDC003C02F2 /* main.cpp */; };
		E4B69E210A3A1BDC003C02F2 /* ofApp.cpp in Sources */ = {isa = PBXBuildFile; fileRef = E4B69E1E0A3A1BDC003C02F2 /* ofApp.cpp */; };
		EA87A811842DD10A4E83F62E /* ofxKeyMapper.cpp in Sources */ = {isa = PBXBuildFile; fileRef = B2CE36E775E7DD0785E5E75E /* ofxKeyMapper.cpp */; };
		F285EB3169F1566CA3D93C20 /* ofxPanel.cpp in Sources */ = {isa = PBXBuildFile; fileRef = E112B3AEBEA2C091BF2B40AE /* ofxPanel.cpp */; };
		F46480E23A9B0A064C85B911 /* net_mosq.c in Sources */ = {isa = PBXBuildFile; fileRef = FC1513D8C158AD2445E0EB67 /* net_mosq.c */; };
/* End PBXBuildFile section */

/* Begin PBXContainerItemProxy section */
		E4328147138ABC890047C5CB /* PBXContainerItemProxy */ = {
			isa = PBXContainerItemProxy;
			containerPortal = E4328143138ABC890047C5CB /* openFrameworksLib.xcodeproj */;
			proxyType = 2;
			remoteGlobalIDString = E4B27C1510CBEB8E00536013;
			remoteInfo = openFrameworks;
		};
		E4EEB9AB138B136A00A80321 /* PBXContainerItemProxy */ = {
			isa = PBXContainerItemProxy;
			containerPortal = E4328143138ABC890047C5CB /* openFrameworksLib.xcodeproj */;
			proxyType = 1;
			remoteGlobalIDString = E4B27C1410CBEB8E00536013;
			remoteInfo = openFrameworks;
		};
/* End PBXContainerItemProxy section */

/* Begin PBXCopyFilesBuildPhase section */
		E4C2427710CC5ABF004149E2 /* CopyFiles */ = {
			isa = PBXCopyFilesBuildPhase;
			buildActionMask = 2147483647;
			dstPath = "";
			dstSubfolderSpec = 10;
			files = (
			);
			runOnlyForDeploymentPostprocessing = 0;
		};
/* End PBXCopyFilesBuildPhase section */

/* Begin PBXFileReference section */
		00D6D32B84B099226431108C /* ofxOsc.h */ = {isa = PBXFileReference; explicitFileType = sourcecode.c.h; fileEncoding = 30; name = ofxOsc.h; path = ../../../addons/ofxOsc/src/ofxOsc.h; sourceTree = SOURCE_ROOT; };
		014A1F49AA20F8DE0802E19E /* messages_mosq.h */ = {isa = PBXFileReference; explicitFileType = sourcecode.c.h; fileEncoding = 30; name = messages_mosq.h; path = local_addons/ofxMQTT/libs/mosquitto/src/messages_mosq.h; sourceTree = SOURCE_ROOT; };
		029684CF678F70F6D3537A29 /* OscOutboundPacketStream.h */ = {isa = PBXFileReference; explicitFileType = sourcecode.c.h; fileEncoding = 30; name = OscOutboundPacketStream.h; path = ../../../addons/ofxOsc/libs/oscpack/src/osc/OscOutboundPacketStream.h; sourceTree = SOURCE_ROOT; };
		04F77E5C73A62E2E77C78EC6 /* ofxMidiOut.cpp */ = {isa = PBXFileReference; explicitFileType = sourcecode.cpp.cpp; fileEncoding = 30; name = ofxMidiOut.cpp; path = ../../../addons/ofxMidi/src/ofxMidiOut.cpp; sourceTree = SOURCE_ROOT; };
		05F6CF127D4A621113D4A62F /* ofxMidi.h */ = {isa = PBXFileReference; explicitFileType = sourcecode.c.h; fileEncoding = 30; name = ofxMidi.h; path = ../../../addons/ofxMidi/src/ofxMidi.h; sourceTree = SOURCE_ROOT; };
		0665DD4B9FD36CF8B6617051 /* ofxMidiMappableFloat.h */ = {isa = PBXFileReference; explicitFileType = sourcecode.c.h; fileEncoding = 30; name = ofxMidiMappableFloat.h; path = local_addons/ofxMidiMapper/src/ofxMidiMappableFloat.h; sourceTree = SOURCE_ROOT; };
		0A1DAC09F322AE313A40706D /* ofxToggle.h */ = {isa = PBXFileReference; explicitFileType = sourcecode.c.h; fileEncoding = 30; name = ofxToggle.h; path = ../../../addons/ofxGui/src/ofxToggle.h; sourceTree = SOURCE_ROOT; };
		0AED834CE4DEC5260AF302A2 /* ofxOscParameterSync.cpp */ = {isa = PBXFileReference; explicitFileType = sourcecode.cpp.cpp; fileEncoding = 30; name = ofxOscParameterSync.cpp; path = ../../../addons/ofxOsc/src/ofxOscParameterSync.cpp; sourceTree = SOURCE_ROOT; };
		0E349CE9E2EF65B08B8482E5 /* audio.h */ = {isa = PBXFileReference; explicitFileType = sourcecode.c.h; fileEncoding = 30; name = audio.h; path = ../../../addons/ofxLiveSet/src/tracks/audio.h; sourceTree = SOURCE_ROOT; };
		0FB3AF725B552390644C32EC /* ofxKeyMappableInt.h */ = {isa = PBXFileReference; explicitFileType = sourcecode.c.h; fileEncoding = 30; name = ofxKeyMappableInt.h; path = local_addons/ofxKeyMapper/src/ofxKeyMappableInt.h; sourceTree = SOURCE_ROOT; };
		101DDF0A2839F1E5B06A39B4 /* ofxKeyMappable.cpp */ = {isa = PBXFileReference; explicitFileType = sourcecode.cpp.cpp; fileEncoding = 30; name = ofxKeyMappable.cpp; path = local_addons/ofxKeyMapper/src/ofxKeyMappable.cpp; sourceTree = SOURCE_ROOT; };
		10E2C891AAA166534B1F3B4E /* ofxMidiTimecode.cpp */ = {isa = PBXFileReference; explicitFileType = sourcecode.cpp.cpp; fileEncoding = 30; name = ofxMidiTimecode.cpp; path = ../../../addons/ofxMidi/src/ofxMidiTimecode.cpp; sourceTree = SOURCE_ROOT; };
		1474291CEFD145011B427E63 /* tls_mosq.h */ = {isa = PBXFileReference; explicitFileType = sourcecode.c.h; fileEncoding = 30; name = tls_mosq.h; path = local_addons/ofxMQTT/libs/mosquitto/src/tls_mosq.h; sourceTree = SOURCE_ROOT; };
		15F2C6477A769C03A56D1401 /* ofxSlider.cpp */ = {isa = PBXFileReference; explicitFileType = sourcecode.cpp.cpp; fileEncoding = 30; name = ofxSlider.cpp; path = ../../../addons/ofxGui/src/ofxSlider.cpp; sourceTree = SOURCE_ROOT; };
		17E65988300FBD9AAA2CD0CA /* ofxGui.h */ = {isa = PBXFileReference; explicitFileType = sourcecode.c.h; fileEncoding = 30; name = ofxGui.h; path = ../../../addons/ofxGui/src/ofxGui.h; sourceTree = SOURCE_ROOT; };
		181D363B6DD54D1FA6309C43 /* ofxColorPicker.cpp */ = {isa = PBXFileReference; explicitFileType = sourcecode.cpp.cpp; fileEncoding = 30; name = ofxColorPicker.cpp; path = ../../../addons/ofxGui/src/ofxColorPicker.cpp; sourceTree = SOURCE_ROOT; };
		1A022D22F03057162A5DEA9E /* schwanensee.h */ = {isa = PBXFileReference; explicitFileType = sourcecode.c.h; fileEncoding = 30; name = schwanensee.h; path = src/clips/dmx/schwanensee.h; sourceTree = SOURCE_ROOT; };
		1C0DA2561397A7DE0246858B /* ofxGuiGroup.h */ = {isa = PBXFileReference; explicitFileType = sourcecode.c.h; fileEncoding = 30; name = ofxGuiGroup.h; path = ../../../addons/ofxGui/src/ofxGuiGroup.h; sourceTree = SOURCE_ROOT; };
		1C223F7D53250CAAEB84DDE0 /* externalStrobe.h */ = {isa = PBXFileReference; explicitFileType = sourcecode.c.h; fileEncoding = 30; name = externalStrobe.h; path = src/clips/dmx/externalStrobe.h; sourceTree = SOURCE_ROOT; };
		1FC97823AB4CE449723B687F /* midiReactiveDmx.h */ = {isa = PBXFileReference; explicitFileType = sourcecode.c.h; fileEncoding = 30; name = midiReactiveDmx.h; path = src/clips/dmx/midiReactiveDmx.h; sourceTree = SOURCE_ROOT; };
		1FCBB2D019F7C31B159BF0E7 /* read_handle.h */ = {isa = PBXFileReference; explicitFileType = sourcecode.c.h; fileEncoding = 30; name = read_handle.h; path = local_addons/ofxMQTT/libs/mosquitto/src/read_handle.h; sourceTree = SOURCE_ROOT; };
		208298154B11456DCD0BE131 /* ofxRtMidiIn.h */ = {isa = PBXFileReference; explicitFileType = sourcecode.c.h; fileEncoding = 30; name = ofxRtMidiIn.h; path = ../../../addons/ofxMidi/src/desktop/ofxRtMidiIn.h; sourceTree = SOURCE_ROOT; };
		20F35AFADAF0068B067E713F /* OscReceivedElements.h */ = {isa = PBXFileReference; explicitFileType = sourcecode.c.h; fileEncoding = 30; name = OscReceivedElements.h; path = ../../../addons/ofxOsc/libs/oscpack/src/osc/OscReceivedElements.h; sourceTree = SOURCE_ROOT; };
		22EC5BB7661C95C5EDA58814 /* session.h */ = {isa = PBXFileReference; explicitFileType = sourcecode.c.h; fileEncoding = 30; name = session.h; path = ../../../addons/ofxLiveSet/src/session.h; sourceTree = SOURCE_ROOT; };
		23640F57DF6C4BB6BFC5DA4C /* PacketListener.h */ = {isa = PBXFileReference; explicitFileType = sourcecode.c.h; fileEncoding = 30; name = PacketListener.h; path = ../../../addons/ofxOsc/libs/oscpack/src/ip/PacketListener.h; sourceTree = SOURCE_ROOT; };
		24B6CA8B0BA1198E2E3E17E5 /* sines.h */ = {isa = PBXFileReference; explicitFileType = sourcecode.c.h; fileEncoding = 30; name = sines.h; path = src/clips/dmx/sines.h; sourceTree = SOURCE_ROOT; };
		2834D88A62CD23F3DE2C47D1 /* ofxButton.h */ = {isa = PBXFileReference; explicitFileType = sourcecode.c.h; fileEncoding = 30; name = ofxButton.h; path = ../../../addons/ofxGui/src/ofxButton.h; sourceTree = SOURCE_ROOT; };
		29357256C9E45D83B332A677 /* base.h */ = {isa = PBXFileReference; explicitFileType = sourcecode.c.h; fileEncoding = 30; name = base.h; path = ../../../addons/ofxLiveSet/src/tracks/base.h; sourceTree = SOURCE_ROOT; };
		2D0498B0068B2D027F339347 /* ofxKeyMappableFloat.h */ = {isa = PBXFileReference; explicitFileType = sourcecode.c.h; fileEncoding = 30; name = ofxKeyMappableFloat.h; path = local_addons/ofxKeyMapper/src/ofxKeyMappableFloat.h; sourceTree = SOURCE_ROOT; };
		2D34C6C0D5F23221F25E7CBF /* send_mosq.c */ = {isa = PBXFileReference; explicitFileType = sourcecode.c.c; fileEncoding = 30; name = send_mosq.c; path = local_addons/ofxMQTT/libs/mosquitto/src/send_mosq.c; sourceTree = SOURCE_ROOT; };
		2FD4B0329909D3527F003494 /* UdpSocket.h */ = {isa = PBXFileReference; explicitFileType = sourcecode.c.h; fileEncoding = 30; name = UdpSocket.h; path = ../../../addons/ofxOsc/libs/oscpack/src/ip/UdpSocket.h; sourceTree = SOURCE_ROOT; };
		372D8B2EA76C5A1A6E4F095B /* thread_mosq.c */ = {isa = PBXFileReference; explicitFileType = sourcecode.c.c; fileEncoding = 30; name = thread_mosq.c; path = local_addons/ofxMQTT/libs/mosquitto/src/thread_mosq.c; sourceTree = SOURCE_ROOT; };
		382E604B9EC72353CF489DE7 /* dmx.h */ = {isa = PBXFileReference; explicitFileType = sourcecode.c.h; fileEncoding = 30; name = dmx.h; path = ../../../addons/ofxLiveSet/src/clips/dmx.h; sourceTree = SOURCE_ROOT; };
		39C505AB0D5F4C997D4237AA /* midi.h */ = {isa = PBXFileReference; explicitFileType = sourcecode.c.h; fileEncoding = 30; name = midi.h; path = ../../../addons/ofxLiveSet/src/tracks/midi.h; sourceTree = SOURCE_ROOT; };
		3A11E8C3DF330D55E092C530 /* rects.h */ = {isa = PBXFileReference; explicitFileType = sourcecode.c.h; fileEncoding = 30; name = rects.h; path = src/clips/graphic/rects.h; sourceTree = SOURCE_ROOT; };
		3A5471B6D1939E9E099FF9A6 /* ofxMidiMappableInt.h */ = {isa = PBXFileReference; explicitFileType = sourcecode.c.h; fileEncoding = 30; name = ofxMidiMappableInt.h; path = local_addons/ofxMidiMapper/src/ofxMidiMappableInt.h; sourceTree = SOURCE_ROOT; };
		3B361208CD4107E479F04E7B /* NetworkingUtils.cpp */ = {isa = PBXFileReference; explicitFileType = sourcecode.cpp.cpp; fileEncoding = 30; name = NetworkingUtils.cpp; path = ../../../addons/ofxOsc/libs/oscpack/src/ip/posix/NetworkingUtils.cpp; sourceTree = SOURCE_ROOT; };
		3DD359247F3ED1550D8BB5C9 /* ofxMidiIn.cpp */ = {isa = PBXFileReference; explicitFileType = sourcecode.cpp.cpp; fileEncoding = 30; name = ofxMidiIn.cpp; path = ../../../addons/ofxMidi/src/ofxMidiIn.cpp; sourceTree = SOURCE_ROOT; };
		3E5D213C7D8C387A3E8277A3 /* send_mosq.h */ = {isa = PBXFileReference; explicitFileType = sourcecode.c.h; fileEncoding = 30; name = send_mosq.h; path = local_addons/ofxMQTT/libs/mosquitto/src/send_mosq.h; sourceTree = SOURCE_ROOT; };
		3FCDB8190BD1317F17CFD9ED /* net_mosq.h */ = {isa = PBXFileReference; explicitFileType = sourcecode.c.h; fileEncoding = 30; name = net_mosq.h; path = local_addons/ofxMQTT/libs/mosquitto/src/net_mosq.h; sourceTree = SOURCE_ROOT; };
		4310BEFDE24FF04FEBEE8086 /* ofxBaseMidi.h */ = {isa = PBXFileReference; explicitFileType = sourcecode.c.h; fileEncoding = 30; name = ofxBaseMidi.h; path = ../../../addons/ofxMidi/src/ofxBaseMidi.h; sourceTree = SOURCE_ROOT; };
		444657A12E59D0ED86981498 /* TimerListener.h */ = {isa = PBXFileReference; explicitFileType = sourcecode.c.h; fileEncoding = 30; name = TimerListener.h; path = ../../../addons/ofxOsc/libs/oscpack/src/ip/TimerListener.h; sourceTree = SOURCE_ROOT; };
		44B351490B620D04E1E7C52D /* ofxInputField.cpp */ = {isa = PBXFileReference; explicitFileType = sourcecode.cpp.cpp; fileEncoding = 30; name = ofxInputField.cpp; path = ../../../addons/ofxGui/src/ofxInputField.cpp; sourceTree = SOURCE_ROOT; };
		470CF04F1D4D1B38D5AA1797 /* ofxRtMidiOut.h */ = {isa = PBXFileReference; explicitFileType = sourcecode.c.h; fileEncoding = 30; name = ofxRtMidiOut.h; path = ../../../addons/ofxMidi/src/desktop/ofxRtMidiOut.h; sourceTree = SOURCE_ROOT; };
		48974F980F51769171D0B2F5 /* IpEndpointName.h */ = {isa = PBXFileReference; explicitFileType = sourcecode.c.h; fileEncoding = 30; name = IpEndpointName.h; path = ../../../addons/ofxOsc/libs/oscpack/src/ip/IpEndpointName.h; sourceTree = SOURCE_ROOT; };
		489B196944B06ADC2A071076 /* ofxColorPicker.h */ = {isa = PBXFileReference; explicitFileType = sourcecode.c.h; fileEncoding = 30; name = ofxColorPicker.h; path = ../../../addons/ofxGui/src/ofxColorPicker.h; sourceTree = SOURCE_ROOT; };
		49508319AA55F4CD3F73D597 /* rand.h */ = {isa = PBXFileReference; explicitFileType = sourcecode.c.h; fileEncoding = 30; name = rand.h; path = src/clips/dmx/rand.h; sourceTree = SOURCE_ROOT; };
		497DDB0B7AD97CCBA7FDB133 /* ofxMidiClock.h */ = {isa = PBXFileReference; explicitFileType = sourcecode.c.h; fileEncoding = 30; name = ofxMidiClock.h; path = ../../../addons/ofxMidi/src/ofxMidiClock.h; sourceTree = SOURCE_ROOT; };
		4BAF8980298C6893682EB2BF /* ofxDmx.h */ = {isa = PBXFileReference; explicitFileType = sourcecode.c.h; fileEncoding = 30; name = ofxDmx.h; path = local_addons/ofxDmx/src/ofxDmx.h; sourceTree = SOURCE_ROOT; };
		4CB3000389A799744F0F9215 /* will_mosq.h */ = {isa = PBXFileReference; explicitFileType = sourcecode.c.h; fileEncoding = 30; name = will_mosq.h; path = local_addons/ofxMQTT/libs/mosquitto/src/will_mosq.h; sourceTree = SOURCE_ROOT; };
		4E95FB446A9C9C6F0DE12D75 /* OscPrintReceivedElements.h */ = {isa = PBXFileReference; explicitFileType = sourcecode.c.h; fileEncoding = 30; name = OscPrintReceivedElements.h; path = ../../../addons/ofxOsc/libs/oscpack/src/osc/OscPrintReceivedElements.h; sourceTree = SOURCE_ROOT; };
		52AFA1F08C420992CAAAE648 /* ofxSlider.h */ = {isa = PBXFileReference; explicitFileType = sourcecode.c.h; fileEncoding = 30; name = ofxSlider.h; path = ../../../addons/ofxGui/src/ofxSlider.h; sourceTree = SOURCE_ROOT; };
		54DC82C20E63BAC0F0F926FA /* ofxMidiTimecode.h */ = {isa = PBXFileReference; explicitFileType = sourcecode.c.h; fileEncoding = 30; name = ofxMidiTimecode.h; path = ../../../addons/ofxMidi/src/ofxMidiTimecode.h; sourceTree = SOURCE_ROOT; };
		56E872D68885C3503A8B6C6F /* sin.h */ = {isa = PBXFileReference; explicitFileType = sourcecode.c.h; fileEncoding = 30; name = sin.h; path = src/clips/dmx/sin.h; sourceTree = SOURCE_ROOT; };
		5F42ACCE157CA22686D83BA5 /* ofxMidiMappableVoid.h */ = {isa = PBXFileReference; explicitFileType = sourcecode.c.h; fileEncoding = 30; name = ofxMidiMappableVoid.h; path = local_addons/ofxMidiMapper/src/ofxMidiMappableVoid.h; sourceTree = SOURCE_ROOT; };
		6369BB7D166D839AFB8852EA /* videoGrabber.h */ = {isa = PBXFileReference; explicitFileType = sourcecode.c.h; fileEncoding = 30; name = videoGrabber.h; path = ../../../addons/ofxLiveSet/src/clips/videoGrabber.h; sourceTree = SOURCE_ROOT; };
		63A47AC60FFAFC3BF093EC0F /* OscOutboundPacketStream.cpp */ = {isa = PBXFileReference; explicitFileType = sourcecode.cpp.cpp; fileEncoding = 30; name = OscOutboundPacketStream.cpp; path = ../../../addons/ofxOsc/libs/oscpack/src/osc/OscOutboundPacketStream.cpp; sourceTree = SOURCE_ROOT; };
		659AB4C2445E81258285F1C2 /* send_client_mosq.c */ = {isa = PBXFileReference; explicitFileType = sourcecode.c.c; fileEncoding = 30; name = send_client_mosq.c; path = local_addons/ofxMQTT/libs/mosquitto/src/send_client_mosq.c; sourceTree = SOURCE_ROOT; };
		65EEFA3DA3526E9CDD9C21F9 /* ofxOscBundle.cpp */ = {isa = PBXFileReference; explicitFileType = sourcecode.cpp.cpp; fileEncoding = 30; name = ofxOscBundle.cpp; path = ../../../addons/ofxOsc/src/ofxOscBundle.cpp; sourceTree = SOURCE_ROOT; };
		69EFE3794366A317B8A74656 /* mqtt3_protocol.h */ = {isa = PBXFileReference; explicitFileType = sourcecode.c.h; fileEncoding = 30; name = mqtt3_protocol.h; path = local_addons/ofxMQTT/libs/mosquitto/src/mqtt3_protocol.h; sourceTree = SOURCE_ROOT; };
		6B65E6930994CC4B2D2B8B33 /* OscPacketListener.h */ = {isa = PBXFileReference; explicitFileType = sourcecode.c.h; fileEncoding = 30; name = OscPacketListener.h; path = ../../../addons/ofxOsc/libs/oscpack/src/osc/OscPacketListener.h; sourceTree = SOURCE_ROOT; };
		70637727D3EC97BD8E3F0878 /* mosquitto_internal.h */ = {isa = PBXFileReference; explicitFileType = sourcecode.c.h; fileEncoding = 30; name = mosquitto_internal.h; path = local_addons/ofxMQTT/libs/mosquitto/src/mosquitto_internal.h; sourceTree = SOURCE_ROOT; };
		712B183BC00EBFFB1EEA5AB8 /* ofxRtMidiOut.cpp */ = {isa = PBXFileReference; explicitFileType = sourcecode.cpp.cpp; fileEncoding = 30; name = ofxRtMidiOut.cpp; path = ../../../addons/ofxMidi/src/desktop/ofxRtMidiOut.cpp; sourceTree = SOURCE_ROOT; };
		72FDF94650CC2A8F89CBE368 /* ofxMidiMapper.h */ = {isa = PBXFileReference; explicitFileType = sourcecode.c.h; fileEncoding = 30; name = ofxMidiMapper.h; path = local_addons/ofxMidiMapper/src/ofxMidiMapper.h; sourceTree = SOURCE_ROOT; };
		738DC495D9FA63AAF2FCA918 /* ofxSoundAnalyser.h */ = {isa = PBXFileReference; explicitFileType = sourcecode.c.h; fileEncoding = 30; name = ofxSoundAnalyser.h; path = local_addons/ofxSoundAnalyser/src/ofxSoundAnalyser.h; sourceTree = SOURCE_ROOT; };
		73ACD8C97431D6A7DC06E78B /* mqttSynchroniser.h */ = {isa = PBXFileReference; explicitFileType = sourcecode.c.h; fileEncoding = 30; name = mqttSynchroniser.h; path = ../../../addons/ofxLiveSet/src/mqttSynchroniser.h; sourceTree = SOURCE_ROOT; };
		7689F8A0F3D0B7635A8C3104 /* ofxOscArg.h */ = {isa = PBXFileReference; explicitFileType = sourcecode.c.h; fileEncoding = 30; name = ofxOscArg.h; path = ../../../addons/ofxOsc/src/ofxOscArg.h; sourceTree = SOURCE_ROOT; };
		76DB8C21259F3BF35DE8C7C7 /* dmx.h */ = {isa = PBXFileReference; explicitFileType = sourcecode.c.h; fileEncoding = 30; name = dmx.h; path = ../../../addons/ofxLiveSet/src/tracks/dmx.h; sourceTree = SOURCE_ROOT; };
		7843F28D3C1012BE5B660BE7 /* ofxMQTT.h */ = {isa = PBXFileReference; explicitFileType = sourcecode.c.h; fileEncoding = 30; name = ofxMQTT.h; path = local_addons/ofxMQTT/src/ofxMQTT.h; sourceTree = SOURCE_ROOT; };
		78D67A00EB899FAC09430597 /* ofxLabel.cpp */ = {isa = PBXFileReference; explicitFileType = sourcecode.cpp.cpp; fileEncoding = 30; name = ofxLabel.cpp; path = ../../../addons/ofxGui/src/ofxLabel.cpp; sourceTree = SOURCE_ROOT; };
		802251BAF1B35B1D67B32FD0 /* ofxSliderGroup.cpp */ = {isa = PBXFileReference; explicitFileType = sourcecode.cpp.cpp; fileEncoding = 30; name = ofxSliderGroup.cpp; path = ../../../addons/ofxGui/src/ofxSliderGroup.cpp; sourceTree = SOURCE_ROOT; };
		81436E53CC4A77E326F659C3 /* ofxMidiOut.h */ = {isa = PBXFileReference; explicitFileType = sourcecode.c.h; fileEncoding = 30; name = ofxMidiOut.h; path = ../../../addons/ofxMidi/src/ofxMidiOut.h; sourceTree = SOURCE_ROOT; };
		815192F4663417031478F521 /* graphic.h */ = {isa = PBXFileReference; explicitFileType = sourcecode.c.h; fileEncoding = 30; name = graphic.h; path = ../../../addons/ofxLiveSet/src/tracks/graphic.h; sourceTree = SOURCE_ROOT; };
		81967292BFC87A0144BD32C6 /* ofxOscSender.cpp */ = {isa = PBXFileReference; explicitFileType = sourcecode.cpp.cpp; fileEncoding = 30; name = ofxOscSender.cpp; path = ../../../addons/ofxOsc/src/ofxOscSender.cpp; sourceTree = SOURCE_ROOT; };
		81AC32CCCB56FAABA3E1BDE0 /* CoreMIDI.framework */ = {isa = PBXFileReference; lastKnownFileType = wrapper.framework; name = CoreMIDI.framework; path = /System/Library/Frameworks/CoreMIDI.framework; sourceTree = "<group>"; };
		877854A6A09A484E87308B2B /* srv_mosq.c */ = {isa = PBXFileReference; explicitFileType = sourcecode.c.c; fileEncoding = 30; name = srv_mosq.c; path = local_addons/ofxMQTT/libs/mosquitto/src/srv_mosq.c; sourceTree = SOURCE_ROOT; };
		87F26B4B24CBD428AD9EEBAA /* ofxBaseGui.h */ = {isa = PBXFileReference; explicitFileType = sourcecode.c.h; fileEncoding = 30; name = ofxBaseGui.h; path = ../../../addons/ofxGui/src/ofxBaseGui.h; sourceTree = SOURCE_ROOT; };
		89449E3044D456F7DE7BEA14 /* ofxPanel.h */ = {isa = PBXFileReference; explicitFileType = sourcecode.c.h; fileEncoding = 30; name = ofxPanel.h; path = ../../../addons/ofxGui/src/ofxPanel.h; sourceTree = SOURCE_ROOT; };
		8B30E93FD3D3475EED522A0E /* ofxOscBundle.h */ = {isa = PBXFileReference; explicitFileType = sourcecode.c.h; fileEncoding = 30; name = ofxOscBundle.h; path = ../../../addons/ofxOsc/src/ofxOscBundle.h; sourceTree = SOURCE_ROOT; };
		8C75AFC8774A62495DD53464 /* ofxOscReceiver.h */ = {isa = PBXFileReference; explicitFileType = sourcecode.c.h; fileEncoding = 30; name = ofxOscReceiver.h; path = ../../../addons/ofxOsc/src/ofxOscReceiver.h; sourceTree = SOURCE_ROOT; };
		8C7C465BF37615545BD729C0 /* mosquitto.c */ = {isa = PBXFileReference; explicitFileType = sourcecode.c.c; fileEncoding = 30; name = mosquitto.c; path = local_addons/ofxMQTT/libs/mosquitto/src/mosquitto.c; sourceTree = SOURCE_ROOT; };
		8F321EC2739A5246AA49A1D0 /* ofxMidiMappableBool.h */ = {isa = PBXFileReference; explicitFileType = sourcecode.c.h; fileEncoding = 30; name = ofxMidiMappableBool.h; path = local_addons/ofxMidiMapper/src/ofxMidiMappableBool.h; sourceTree = SOURCE_ROOT; };
		907C5B5E104864A2D3A25745 /* ofxToggle.cpp */ = {isa = PBXFileReference; explicitFileType = sourcecode.cpp.cpp; fileEncoding = 30; name = ofxToggle.cpp; path = ../../../addons/ofxGui/src/ofxToggle.cpp; sourceTree = SOURCE_ROOT; };
		938214A2795AA8FED29086DB /* ofxMidiConstants.h */ = {isa = PBXFileReference; explicitFileType = sourcecode.c.h; fileEncoding = 30; name = ofxMidiConstants.h; path = ../../../addons/ofxMidi/src/ofxMidiConstants.h; sourceTree = SOURCE_ROOT; };
		938763FD2706DB8CE39CC6B0 /* socks_mosq.h */ = {isa = PBXFileReference; explicitFileType = sourcecode.c.h; fileEncoding = 30; name = socks_mosq.h; path = local_addons/ofxMQTT/libs/mosquitto/src/socks_mosq.h; sourceTree = SOURCE_ROOT; };
		9392DC5EC44D982A4E75D450 /* ofxDmx.cpp */ = {isa = PBXFileReference; explicitFileType = sourcecode.cpp.cpp; fileEncoding = 30; name = ofxDmx.cpp; path = local_addons/ofxDmx/src/ofxDmx.cpp; sourceTree = SOURCE_ROOT; };
		947D88BCA299DFBCE74A09C5 /* memory_mosq.h */ = {isa = PBXFileReference; explicitFileType = sourcecode.c.h; fileEncoding = 30; name = memory_mosq.h; path = local_addons/ofxMQTT/libs/mosquitto/src/memory_mosq.h; sourceTree = SOURCE_ROOT; };
		94B3C3C21F92F9310CA90986 /* ofxBaseMidi.cpp */ = {isa = PBXFileReference; explicitFileType = sourcecode.cpp.cpp; fileEncoding = 30; name = ofxBaseMidi.cpp; path = ../../../addons/ofxMidi/src/ofxBaseMidi.cpp; sourceTree = SOURCE_ROOT; };
		95B7A21DBAF752497A6733B2 /* time_mosq.h */ = {isa = PBXFileReference; explicitFileType = sourcecode.c.h; fileEncoding = 30; name = time_mosq.h; path = local_addons/ofxMQTT/libs/mosquitto/src/time_mosq.h; sourceTree = SOURCE_ROOT; };
		9604B925D32EE39065747725 /* ofxBaseGui.cpp */ = {isa = PBXFileReference; explicitFileType = sourcecode.cpp.cpp; fileEncoding = 30; name = ofxBaseGui.cpp; path = ../../../addons/ofxGui/src/ofxBaseGui.cpp; sourceTree = SOURCE_ROOT; };
		9611FED497855F98DF070448 /* ofxLiveSet.h */ = {isa = PBXFileReference; explicitFileType = sourcecode.c.h; fileEncoding = 30; name = ofxLiveSet.h; path = ../../../addons/ofxLiveSet/src/ofxLiveSet.h; sourceTree = SOURCE_ROOT; };
		96DB89E6D85AD54ACE9CF663 /* read_handle_shared.c */ = {isa = PBXFileReference; explicitFileType = sourcecode.c.c; fileEncoding = 30; name = read_handle_shared.c; path = local_addons/ofxMQTT/libs/mosquitto/src/read_handle_shared.c; sourceTree = SOURCE_ROOT; };
		9BF3AA0D4FAA89D0F8A0E545 /* OscReceivedElements.cpp */ = {isa = PBXFileReference; explicitFileType = sourcecode.cpp.cpp; fileEncoding = 30; name = OscReceivedElements.cpp; path = ../../../addons/ofxOsc/libs/oscpack/src/osc/OscReceivedElements.cpp; sourceTree = SOURCE_ROOT; };
		9F7986DC4EB05E75FCE2C777 /* ofxOscSender.h */ = {isa = PBXFileReference; explicitFileType = sourcecode.c.h; fileEncoding = 30; name = ofxOscSender.h; path = ../../../addons/ofxOsc/src/ofxOscSender.h; sourceTree = SOURCE_ROOT; };
		A0ED4A758F7EAF12DF43DBC2 /* ofxKeyMappableVoid.h */ = {isa = PBXFileReference; explicitFileType = sourcecode.c.h; fileEncoding = 30; name = ofxKeyMappableVoid.h; path = local_addons/ofxKeyMapper/src/ofxKeyMappableVoid.h; sourceTree = SOURCE_ROOT; };
		A0F65FA004F84FA46115E6D5 /* lines.h */ = {isa = PBXFileReference; explicitFileType = sourcecode.c.h; fileEncoding = 30; name = lines.h; path = src/clips/graphic/lines.h; sourceTree = SOURCE_ROOT; };
		A111E2BFFAC845899ECD9687 /* ofxMQTT.cpp */ = {isa = PBXFileReference; explicitFileType = sourcecode.cpp.cpp; fileEncoding = 30; name = ofxMQTT.cpp; path = local_addons/ofxMQTT/src/ofxMQTT.cpp; sourceTree = SOURCE_ROOT; };
		A2AAA8CA403479E6FCDF920E /* OscHostEndianness.h */ = {isa = PBXFileReference; explicitFileType = sourcecode.c.h; fileEncoding = 30; name = OscHostEndianness.h; path = ../../../addons/ofxOsc/libs/oscpack/src/osc/OscHostEndianness.h; sourceTree = SOURCE_ROOT; };
		A2E134D1AFB6160A77C18F5F /* config.h */ = {isa = PBXFileReference; explicitFileType = sourcecode.c.h; fileEncoding = 30; name = config.h; path = local_addons/ofxMQTT/libs/mosquitto/src/config.h; sourceTree = SOURCE_ROOT; };
		A74FFACAC6349365BD07E2A2 /* logging_mosq.c */ = {isa = PBXFileReference; explicitFileType = sourcecode.c.c; fileEncoding = 30; name = logging_mosq.c; path = local_addons/ofxMQTT/libs/mosquitto/src/logging_mosq.c; sourceTree = SOURCE_ROOT; };
		A79F5B81D398D2FEA8E77A05 /* util_mosq.h */ = {isa = PBXFileReference; explicitFileType = sourcecode.c.h; fileEncoding = 30; name = util_mosq.h; path = local_addons/ofxMQTT/libs/mosquitto/src/util_mosq.h; sourceTree = SOURCE_ROOT; };
		A86408719C4C82E6D12474B0 /* ofxKeyMapper.h */ = {isa = PBXFileReference; explicitFileType = sourcecode.c.h; fileEncoding = 30; name = ofxKeyMapper.h; path = local_addons/ofxKeyMapper/src/ofxKeyMapper.h; sourceTree = SOURCE_ROOT; };
		A8793707281FD436C34316A5 /* RtMidi.h */ = {isa = PBXFileReference; explicitFileType = sourcecode.c.h; fileEncoding = 30; name = RtMidi.h; path = ../../../addons/ofxMidi/libs/rtmidi/RtMidi.h; sourceTree = SOURCE_ROOT; };
		A937731265782800A8359098 /* ofxMidiClock.cpp */ = {isa = PBXFileReference; explicitFileType = sourcecode.cpp.cpp; fileEncoding = 30; name = ofxMidiClock.cpp; path = ../../../addons/ofxMidi/src/ofxMidiClock.cpp; sourceTree = SOURCE_ROOT; };
		AB142AB19C3240BAB09F6A57 /* firn.h */ = {isa = PBXFileReference; explicitFileType = sourcecode.c.h; fileEncoding = 30; name = firn.h; path = src/clips/dmx/firn.h; sourceTree = SOURCE_ROOT; };
		AB92FBC819275B1E263070BF /* ofxMidiMapper.cpp */ = {isa = PBXFileReference; explicitFileType = sourcecode.cpp.cpp; fileEncoding = 30; name = ofxMidiMapper.cpp; path = local_addons/ofxMidiMapper/src/ofxMidiMapper.cpp; sourceTree = SOURCE_ROOT; };
		ABDEF0ACF05BF28F5C74E008 /* RtMidi.cpp */ = {isa = PBXFileReference; explicitFileType = sourcecode.cpp.cpp; fileEncoding = 30; name = RtMidi.cpp; path = ../../../addons/ofxMidi/libs/rtmidi/RtMidi.cpp; sourceTree = SOURCE_ROOT; };
		ADD194746185E2DA11468377 /* IpEndpointName.cpp */ = {isa = PBXFileReference; explicitFileType = sourcecode.cpp.cpp; fileEncoding = 30; name = IpEndpointName.cpp; path = ../../../addons/ofxOsc/libs/oscpack/src/ip/IpEndpointName.cpp; sourceTree = SOURCE_ROOT; };
		AE335EB4709BFD4671EEAC84 /* MessageMappingOscPacketListener.h */ = {isa = PBXFileReference; explicitFileType = sourcecode.c.h; fileEncoding = 30; name = MessageMappingOscPacketListener.h; path = ../../../addons/ofxOsc/libs/oscpack/src/osc/MessageMappingOscPacketListener.h; sourceTree = SOURCE_ROOT; };
		AE68B54581BE4A1DAE853180 /* ofxInputField.h */ = {isa = PBXFileReference; explicitFileType = sourcecode.c.h; fileEncoding = 30; name = ofxInputField.h; path = ../../../addons/ofxGui/src/ofxInputField.h; sourceTree = SOURCE_ROOT; };
		AF0A6E8D571BFF8743E87D9B /* ofxKeyMappableBool.h */ = {isa = PBXFileReference; explicitFileType = sourcecode.c.h; fileEncoding = 30; name = ofxKeyMappableBool.h; path = local_addons/ofxKeyMapper/src/ofxKeyMappableBool.h; sourceTree = SOURCE_ROOT; };
		AF5E8C2A87F91CB9D2EC55C6 /* tls_mosq.c */ = {isa = PBXFileReference; explicitFileType = sourcecode.c.c; fileEncoding = 30; name = tls_mosq.c; path = local_addons/ofxMQTT/libs/mosquitto/src/tls_mosq.c; sourceTree = SOURCE_ROOT; };
		B2CE36E775E7DD0785E5E75E /* ofxKeyMapper.cpp */ = {isa = PBXFileReference; explicitFileType = sourcecode.cpp.cpp; fileEncoding = 30; name = ofxKeyMapper.cpp; path = local_addons/ofxKeyMapper/src/ofxKeyMapper.cpp; sourceTree = SOURCE_ROOT; };
		B30596868D36ED9390D5EF79 /* mosquitto.h */ = {isa = PBXFileReference; explicitFileType = sourcecode.c.h; fileEncoding = 30; name = mosquitto.h; path = local_addons/ofxMQTT/libs/mosquitto/src/mosquitto.h; sourceTree = SOURCE_ROOT; };
		B31C608870ECEB2490A93736 /* ofxOscParameterSync.h */ = {isa = PBXFileReference; explicitFileType = sourcecode.c.h; fileEncoding = 30; name = ofxOscParameterSync.h; path = ../../../addons/ofxOsc/src/ofxOscParameterSync.h; sourceTree = SOURCE_ROOT; };
		B76FA489151DBAF1616DF378 /* ofxMidiIn.h */ = {isa = PBXFileReference; explicitFileType = sourcecode.c.h; fileEncoding = 30; name = ofxMidiIn.h; path = ../../../addons/ofxMidi/src/ofxMidiIn.h; sourceTree = SOURCE_ROOT; };
		B87C60311EC1FE841C1ECD89 /* ofxLabel.h */ = {isa = PBXFileReference; explicitFileType = sourcecode.c.h; fileEncoding = 30; name = ofxLabel.h; path = ../../../addons/ofxGui/src/ofxLabel.h; sourceTree = SOURCE_ROOT; };
		BC8881B3C8C0A1C45F042E7A /* OscPrintReceivedElements.cpp */ = {isa = PBXFileReference; explicitFileType = sourcecode.cpp.cpp; fileEncoding = 30; name = OscPrintReceivedElements.cpp; path = ../../../addons/ofxOsc/libs/oscpack/src/osc/OscPrintReceivedElements.cpp; sourceTree = SOURCE_ROOT; };
		BC90C95E2679BE953B9441B5 /* logging_mosq.h */ = {isa = PBXFileReference; explicitFileType = sourcecode.c.h; fileEncoding = 30; name = logging_mosq.h; path = local_addons/ofxMQTT/libs/mosquitto/src/logging_mosq.h; sourceTree = SOURCE_ROOT; };
		BD0E7AC8BE205034D5B377A6 /* ofxMidiMessage.h */ = {isa = PBXFileReference; explicitFileType = sourcecode.c.h; fileEncoding = 30; name = ofxMidiMessage.h; path = ../../../addons/ofxMidi/src/ofxMidiMessage.h; sourceTree = SOURCE_ROOT; };
		C004A961F44C21D9DF4E605D /* midi2dmx.h */ = {isa = PBXFileReference; explicitFileType = sourcecode.c.h; fileEncoding = 30; name = midi2dmx.h; path = src/clips/dmx/utils/midi2dmx.h; sourceTree = SOURCE_ROOT; };
		C0E7EDA67EDF213FC0E83D17 /* ofxMidiMessage.cpp */ = {isa = PBXFileReference; explicitFileType = sourcecode.cpp.cpp; fileEncoding = 30; name = ofxMidiMessage.cpp; path = ../../../addons/ofxMidi/src/ofxMidiMessage.cpp; sourceTree = SOURCE_ROOT; };
		C2FAC65C491D4231379F3298 /* ofxOscReceiver.cpp */ = {isa = PBXFileReference; explicitFileType = sourcecode.cpp.cpp; fileEncoding = 30; name = ofxOscReceiver.cpp; path = ../../../addons/ofxOsc/src/ofxOscReceiver.cpp; sourceTree = SOURCE_ROOT; };
		C30F84B94390C3A2815CF96C /* ofxKeyMappable.h */ = {isa = PBXFileReference; explicitFileType = sourcecode.c.h; fileEncoding = 30; name = ofxKeyMappable.h; path = local_addons/ofxKeyMapper/src/ofxKeyMappable.h; sourceTree = SOURCE_ROOT; };
		C58862C6D212C8E8A83810F4 /* ofxOscMessage.h */ = {isa = PBXFileReference; explicitFileType = sourcecode.c.h; fileEncoding = 30; name = ofxOscMessage.h; path = ../../../addons/ofxOsc/src/ofxOscMessage.h; sourceTree = SOURCE_ROOT; };
		C6384E44A6EE1C161C7899C9 /* anchor.h */ = {isa = PBXFileReference; explicitFileType = sourcecode.c.h; fileEncoding = 30; name = anchor.h; path = src/clips/dmx/anchor.h; sourceTree = SOURCE_ROOT; };
		C6937888E126BADC8777423B /* OscTypes.h */ = {isa = PBXFileReference; explicitFileType = sourcecode.c.h; fileEncoding = 30; name = OscTypes.h; path = ../../../addons/ofxOsc/libs/oscpack/src/osc/OscTypes.h; sourceTree = SOURCE_ROOT; };
		C70D8946940288799E82131E /* ofxSliderGroup.h */ = {isa = PBXFileReference; explicitFileType = sourcecode.c.h; fileEncoding = 30; name = ofxSliderGroup.h; path = ../../../addons/ofxGui/src/ofxSliderGroup.h; sourceTree = SOURCE_ROOT; };
		C88333E71C9457E441C33474 /* ofxButton.cpp */ = {isa = PBXFileReference; explicitFileType = sourcecode.cpp.cpp; fileEncoding = 30; name = ofxButton.cpp; path = ../../../addons/ofxGui/src/ofxButton.cpp; sourceTree = SOURCE_ROOT; };
		CA6461B56508A2567DDB95AD /* socks_mosq.c */ = {isa = PBXFileReference; explicitFileType = sourcecode.c.c; fileEncoding = 30; name = socks_mosq.c; path = local_addons/ofxMQTT/libs/mosquitto/src/socks_mosq.c; sourceTree = SOURCE_ROOT; };
		CC9AA7EB2D01F69D4725244D /* still.h */ = {isa = PBXFileReference; explicitFileType = sourcecode.c.h; fileEncoding = 30; name = still.h; path = src/clips/dmx/utils/still.h; sourceTree = SOURCE_ROOT; };
		CD3E3BB3BBDDB1011AFF5ECA /* time_mosq.c */ = {isa = PBXFileReference; explicitFileType = sourcecode.c.c; fileEncoding = 30; name = time_mosq.c; path = local_addons/ofxMQTT/libs/mosquitto/src/time_mosq.c; sourceTree = SOURCE_ROOT; };
		CF1F36E9219A11B200EB3A56 /* infoPanel.h */ = {isa = PBXFileReference; lastKnownFileType = sourcecode.c.h; name = infoPanel.h; path = ../../src/gui/infoPanel.h; sourceTree = "<group>"; };
		D281AAF8103685747905BE4D /* dummypthread.h */ = {isa = PBXFileReference; explicitFileType = sourcecode.c.h; fileEncoding = 30; name = dummypthread.h; path = local_addons/ofxMQTT/libs/mosquitto/src/dummypthread.h; sourceTree = SOURCE_ROOT; };
		D3966A67503CD9EE42BEF090 /* util_mosq.c */ = {isa = PBXFileReference; explicitFileType = sourcecode.c.c; fileEncoding = 30; name = util_mosq.c; path = local_addons/ofxMQTT/libs/mosquitto/src/util_mosq.c; sourceTree = SOURCE_ROOT; };
		D39D836E26DCCDE4A47C2C31 /* ofxMidiMappable.cpp */ = {isa = PBXFileReference; explicitFileType = sourcecode.cpp.cpp; fileEncoding = 30; name = ofxMidiMappable.cpp; path = local_addons/ofxMidiMapper/src/ofxMidiMappable.cpp; sourceTree = SOURCE_ROOT; };
		D3CF05A2924CD88FC9551CF5 /* ofxMidiMappable.h */ = {isa = PBXFileReference; explicitFileType = sourcecode.c.h; fileEncoding = 30; name = ofxMidiMappable.h; path = local_addons/ofxMidiMapper/src/ofxMidiMappable.h; sourceTree = SOURCE_ROOT; };
		D48D7AA5DEA50765C94129EA /* soundReactiveDmx.h */ = {isa = PBXFileReference; explicitFileType = sourcecode.c.h; fileEncoding = 30; name = soundReactiveDmx.h; path = src/clips/dmx/soundReactiveDmx.h; sourceTree = SOURCE_ROOT; };
		D958814904DCB8ACF34BA605 /* peak.h */ = {isa = PBXFileReference; explicitFileType = sourcecode.c.h; fileEncoding = 30; name = peak.h; path = src/clips/dmx/peak.h; sourceTree = SOURCE_ROOT; };
		D9A2FCE017BB212C5A38B436 /* null.h */ = {isa = PBXFileReference; explicitFileType = sourcecode.c.h; fileEncoding = 30; name = null.h; path = ../../../addons/ofxLiveSet/src/clips/null.h; sourceTree = SOURCE_ROOT; };
		D9BFFBBF4CC43DEE890B3C3E /* OscTypes.cpp */ = {isa = PBXFileReference; explicitFileType = sourcecode.cpp.cpp; fileEncoding = 30; name = OscTypes.cpp; path = ../../../addons/ofxOsc/libs/oscpack/src/osc/OscTypes.cpp; sourceTree = SOURCE_ROOT; };
		DE67CAB423AB6E05A8EB616C /* read_handle_client.c */ = {isa = PBXFileReference; explicitFileType = sourcecode.c.c; fileEncoding = 30; name = read_handle_client.c; path = local_addons/ofxMQTT/libs/mosquitto/src/read_handle_client.c; sourceTree = SOURCE_ROOT; };
		DE85B5F19DF8E00D0BC10339 /* audio.h */ = {isa = PBXFileReference; explicitFileType = sourcecode.c.h; fileEncoding = 30; name = audio.h; path = ../../../addons/ofxLiveSet/src/clips/audio.h; sourceTree = SOURCE_ROOT; };
		DF49D76C45D5DB505A234880 /* ofxOscMessage.cpp */ = {isa = PBXFileReference; explicitFileType = sourcecode.cpp.cpp; fileEncoding = 30; name = ofxOscMessage.cpp; path = ../../../addons/ofxOsc/src/ofxOscMessage.cpp; sourceTree = SOURCE_ROOT; };
		E112B3AEBEA2C091BF2B40AE /* ofxPanel.cpp */ = {isa = PBXFileReference; explicitFileType = sourcecode.cpp.cpp; fileEncoding = 30; name = ofxPanel.cpp; path = ../../../addons/ofxGui/src/ofxPanel.cpp; sourceTree = SOURCE_ROOT; };
		E16BB73D19DD0713FDCC7986 /* ofxMidiTypes.h */ = {isa = PBXFileReference; explicitFileType = sourcecode.c.h; fileEncoding = 30; name = ofxMidiTypes.h; path = ../../../addons/ofxMidi/src/ofxMidiTypes.h; sourceTree = SOURCE_ROOT; };
		E174BEDB7640DA6B9F3EE935 /* read_handle.c */ = {isa = PBXFileReference; explicitFileType = sourcecode.c.c; fileEncoding = 30; name = read_handle.c; path = local_addons/ofxMQTT/libs/mosquitto/src/read_handle.c; sourceTree = SOURCE_ROOT; };
		E1B5511A92BE91E4AC79FA91 /* strobe.h */ = {isa = PBXFileReference; explicitFileType = sourcecode.c.h; fileEncoding = 30; name = strobe.h; path = src/clips/dmx/strobe.h; sourceTree = SOURCE_ROOT; };
		E232D73FE09C910A6CE22BF5 /* will_mosq.c */ = {isa = PBXFileReference; explicitFileType = sourcecode.c.c; fileEncoding = 30; name = will_mosq.c; path = local_addons/ofxMQTT/libs/mosquitto/src/will_mosq.c; sourceTree = SOURCE_ROOT; };
		E238CCDE032640E0FEBFAD82 /* ofxMidi.cpp */ = {isa = PBXFileReference; explicitFileType = sourcecode.cpp.cpp; fileEncoding = 30; name = ofxMidi.cpp; path = ../../../addons/ofxMidi/src/ofxMidi.cpp; sourceTree = SOURCE_ROOT; };
		E4328143138ABC890047C5CB /* openFrameworksLib.xcodeproj */ = {isa = PBXFileReference; lastKnownFileType = "wrapper.pb-project"; name = openFrameworksLib.xcodeproj; path = ../../../libs/openFrameworksCompiled/project/osx/openFrameworksLib.xcodeproj; sourceTree = SOURCE_ROOT; };
		E4B69B5B0A3A1756003C02F2 /* example-klanglichtstromDebug.app */ = {isa = PBXFileReference; explicitFileType = wrapper.application; includeInIndex = 0; path = "example-klanglichtstromDebug.app"; sourceTree = BUILT_PRODUCTS_DIR; };
		E4B69E1D0A3A1BDC003C02F2 /* main.cpp */ = {isa = PBXFileReference; fileEncoding = 4; lastKnownFileType = sourcecode.cpp.cpp; name = main.cpp; path = src/main.cpp; sourceTree = SOURCE_ROOT; };
		E4B69E1E0A3A1BDC003C02F2 /* ofApp.cpp */ = {isa = PBXFileReference; explicitFileType = sourcecode.cpp.cpp; fileEncoding = 4; name = ofApp.cpp; path = src/ofApp.cpp; sourceTree = SOURCE_ROOT; };
		E4B69E1F0A3A1BDC003C02F2 /* ofApp.h */ = {isa = PBXFileReference; fileEncoding = 4; lastKnownFileType = sourcecode.c.h; name = ofApp.h; path = src/ofApp.h; sourceTree = SOURCE_ROOT; };
		E4B6FCAD0C3E899E008CF71C /* openFrameworks-Info.plist */ = {isa = PBXFileReference; fileEncoding = 4; lastKnownFileType = text.plist.xml; path = "openFrameworks-Info.plist"; sourceTree = "<group>"; };
		E4EB691F138AFCF100A09F29 /* CoreOF.xcconfig */ = {isa = PBXFileReference; fileEncoding = 4; lastKnownFileType = text.xcconfig; name = CoreOF.xcconfig; path = ../../../libs/openFrameworksCompiled/project/osx/CoreOF.xcconfig; sourceTree = SOURCE_ROOT; };
		E4EB6923138AFD0F00A09F29 /* Project.xcconfig */ = {isa = PBXFileReference; fileEncoding = 4; lastKnownFileType = text.xcconfig; path = Project.xcconfig; sourceTree = "<group>"; };
		E6DEF695B88BA5FAACEAA937 /* UdpSocket.cpp */ = {isa = PBXFileReference; explicitFileType = sourcecode.cpp.cpp; fileEncoding = 30; name = UdpSocket.cpp; path = ../../../addons/ofxOsc/libs/oscpack/src/ip/posix/UdpSocket.cpp; sourceTree = SOURCE_ROOT; };
		ECF8674C7975F1063C5E30CA /* ofxGuiGroup.cpp */ = {isa = PBXFileReference; explicitFileType = sourcecode.cpp.cpp; fileEncoding = 30; name = ofxGuiGroup.cpp; path = ../../../addons/ofxGui/src/ofxGuiGroup.cpp; sourceTree = SOURCE_ROOT; };
		EF45DDBE5A59AED075FF9C6E /* messages_mosq.c */ = {isa = PBXFileReference; explicitFileType = sourcecode.c.c; fileEncoding = 30; name = messages_mosq.c; path = local_addons/ofxMQTT/libs/mosquitto/src/messages_mosq.c; sourceTree = SOURCE_ROOT; };
		F1207D8C8B6D6DF3C554B13B /* base.h */ = {isa = PBXFileReference; explicitFileType = sourcecode.c.h; fileEncoding = 30; name = base.h; path = ../../../addons/ofxLiveSet/src/clips/base.h; sourceTree = SOURCE_ROOT; };
		F24119535972DF97CC08CD2F /* project.h */ = {isa = PBXFileReference; explicitFileType = sourcecode.c.h; fileEncoding = 30; name = project.h; path = ../../../addons/ofxLiveSet/src/project.h; sourceTree = SOURCE_ROOT; };
		F437644B8BF27E6E8A2BD35E /* graphic.h */ = {isa = PBXFileReference; explicitFileType = sourcecode.c.h; fileEncoding = 30; name = graphic.h; path = ../../../addons/ofxLiveSet/src/clips/graphic.h; sourceTree = SOURCE_ROOT; };
		F4F5B6B8BA2BD52C646ED908 /* OscException.h */ = {isa = PBXFileReference; explicitFileType = sourcecode.c.h; fileEncoding = 30; name = OscException.h; path = ../../../addons/ofxOsc/libs/oscpack/src/osc/OscException.h; sourceTree = SOURCE_ROOT; };
		F634AA6CA2E3C60F3B87B59A /* ofxRtMidiIn.cpp */ = {isa = PBXFileReference; explicitFileType = sourcecode.cpp.cpp; fileEncoding = 30; name = ofxRtMidiIn.cpp; path = ../../../addons/ofxMidi/src/desktop/ofxRtMidiIn.cpp; sourceTree = SOURCE_ROOT; };
		F7FBC56859535E597B24BB91 /* NetworkingUtils.h */ = {isa = PBXFileReference; explicitFileType = sourcecode.c.h; fileEncoding = 30; name = NetworkingUtils.h; path = ../../../addons/ofxOsc/libs/oscpack/src/ip/NetworkingUtils.h; sourceTree = SOURCE_ROOT; };
		FA0DF13F64B661CB9A1CB18B /* within.h */ = {isa = PBXFileReference; explicitFileType = sourcecode.c.h; fileEncoding = 30; name = within.h; path = src/clips/dmx/within.h; sourceTree = SOURCE_ROOT; };
		FC1513D8C158AD2445E0EB67 /* net_mosq.c */ = {isa = PBXFileReference; explicitFileType = sourcecode.c.c; fileEncoding = 30; name = net_mosq.c; path = local_addons/ofxMQTT/libs/mosquitto/src/net_mosq.c; sourceTree = SOURCE_ROOT; };
		FD11270E1BB19106DF40404A /* memory_mosq.c */ = {isa = PBXFileReference; explicitFileType = sourcecode.c.c; fileEncoding = 30; name = memory_mosq.c; path = local_addons/ofxMQTT/libs/mosquitto/src/memory_mosq.c; sourceTree = SOURCE_ROOT; };
/* End PBXFileReference section */

/* Begin PBXFrameworksBuildPhase section */
		E4B69B590A3A1756003C02F2 /* Frameworks */ = {
			isa = PBXFrameworksBuildPhase;
			buildActionMask = 2147483647;
			files = (
				E4328149138ABC9F0047C5CB /* openFrameworksDebug.a in Frameworks */,
				631702104AFC104323A9EB79 /* CoreMIDI.framework in Frameworks */,
			);
			runOnlyForDeploymentPostprocessing = 0;
		};
/* End PBXFrameworksBuildPhase section */

/* Begin PBXGroup section */
		046419DF9BB922CD6AC3B70B /* src */ = {
			isa = PBXGroup;
			children = (
				101DDF0A2839F1E5B06A39B4 /* ofxKeyMappable.cpp */,
				AF0A6E8D571BFF8743E87D9B /* ofxKeyMappableBool.h */,
				C30F84B94390C3A2815CF96C /* ofxKeyMappable.h */,
				A0ED4A758F7EAF12DF43DBC2 /* ofxKeyMappableVoid.h */,
				A86408719C4C82E6D12474B0 /* ofxKeyMapper.h */,
				0FB3AF725B552390644C32EC /* ofxKeyMappableInt.h */,
				2D0498B0068B2D027F339347 /* ofxKeyMappableFloat.h */,
				B2CE36E775E7DD0785E5E75E /* ofxKeyMapper.cpp */,
			);
			name = src;
			sourceTree = "<group>";
		};
		05EC12C8A8C4E94610F12C35 /* mosquitto */ = {
			isa = PBXGroup;
			children = (
				69D0B0837697C074C9CF74DA /* src */,
			);
			name = mosquitto;
			sourceTree = "<group>";
		};
		087412C03E06A85B02A8CADC /* clips */ = {
			isa = PBXGroup;
			children = (
				D9A2FCE017BB212C5A38B436 /* null.h */,
				6369BB7D166D839AFB8852EA /* videoGrabber.h */,
				DE85B5F19DF8E00D0BC10339 /* audio.h */,
				F437644B8BF27E6E8A2BD35E /* graphic.h */,
				382E604B9EC72353CF489DE7 /* dmx.h */,
				F1207D8C8B6D6DF3C554B13B /* base.h */,
			);
			name = clips;
			sourceTree = "<group>";
		};
		2413C01760B1811BED0F502D /* ofxMidi */ = {
			isa = PBXGroup;
			children = (
				9CBF51184BE294FD9D73043F /* src */,
				5A08CCDC8D19E7162DE57128 /* libs */,
				36D7EC7EF50E326EAC88A0AD /* frameworks */,
			);
			name = ofxMidi;
			sourceTree = "<group>";
		};
		30CB364908817057B430D528 /* osc */ = {
			isa = PBXGroup;
			children = (
				63A47AC60FFAFC3BF093EC0F /* OscOutboundPacketStream.cpp */,
				6B65E6930994CC4B2D2B8B33 /* OscPacketListener.h */,
				D9BFFBBF4CC43DEE890B3C3E /* OscTypes.cpp */,
				4E95FB446A9C9C6F0DE12D75 /* OscPrintReceivedElements.h */,
				AE335EB4709BFD4671EEAC84 /* MessageMappingOscPacketListener.h */,
				A2AAA8CA403479E6FCDF920E /* OscHostEndianness.h */,
				F4F5B6B8BA2BD52C646ED908 /* OscException.h */,
				029684CF678F70F6D3537A29 /* OscOutboundPacketStream.h */,
				9BF3AA0D4FAA89D0F8A0E545 /* OscReceivedElements.cpp */,
				BC8881B3C8C0A1C45F042E7A /* OscPrintReceivedElements.cpp */,
				20F35AFADAF0068B067E713F /* OscReceivedElements.h */,
				C6937888E126BADC8777423B /* OscTypes.h */,
			);
			name = osc;
			sourceTree = "<group>";
		};
		36D7EC7EF50E326EAC88A0AD /* frameworks */ = {
			isa = PBXGroup;
			children = (
				81AC32CCCB56FAABA3E1BDE0 /* CoreMIDI.framework */,
			);
			name = frameworks;
			sourceTree = "<group>";
		};
		38871A5825686AE018EC2BF0 /* libs */ = {
			isa = PBXGroup;
			children = (
				86D2677079A3AF4A5A88E29A /* oscpack */,
			);
			name = libs;
			sourceTree = "<group>";
		};
		3B2215E58326AAB9CFE7AE31 /* tracks */ = {
			isa = PBXGroup;
			children = (
				39C505AB0D5F4C997D4237AA /* midi.h */,
				0E349CE9E2EF65B08B8482E5 /* audio.h */,
				815192F4663417031478F521 /* graphic.h */,
				76DB8C21259F3BF35DE8C7C7 /* dmx.h */,
				29357256C9E45D83B332A677 /* base.h */,
			);
			name = tracks;
			sourceTree = "<group>";
		};
		480A780D8D0308AE4A368801 /* ofxGui */ = {
			isa = PBXGroup;
			children = (
				A763ED608B35AE3310251DEE /* src */,
			);
			name = ofxGui;
			sourceTree = "<group>";
		};
		4DB16977FEABD12A76F1B661 /* ofxKeyMapper */ = {
			isa = PBXGroup;
			children = (
				046419DF9BB922CD6AC3B70B /* src */,
			);
			name = ofxKeyMapper;
			sourceTree = "<group>";
		};
		4EABDA1E9C53C588C60284A5 /* dmx */ = {
			isa = PBXGroup;
			children = (
				24B6CA8B0BA1198E2E3E17E5 /* sines.h */,
				C6384E44A6EE1C161C7899C9 /* anchor.h */,
				1A022D22F03057162A5DEA9E /* schwanensee.h */,
				FA0DF13F64B661CB9A1CB18B /* within.h */,
				AB142AB19C3240BAB09F6A57 /* firn.h */,
				A1BAD6A6E56B82B5D637C892 /* utils */,
				49508319AA55F4CD3F73D597 /* rand.h */,
				1C223F7D53250CAAEB84DDE0 /* externalStrobe.h */,
				D48D7AA5DEA50765C94129EA /* soundReactiveDmx.h */,
				E1B5511A92BE91E4AC79FA91 /* strobe.h */,
				56E872D68885C3503A8B6C6F /* sin.h */,
				D958814904DCB8ACF34BA605 /* peak.h */,
				1FC97823AB4CE449723B687F /* midiReactiveDmx.h */,
			);
			name = dmx;
			sourceTree = "<group>";
		};
		55CF2884A88B230627CC0F34 /* src */ = {
			isa = PBXGroup;
			children = (
				CF1F36E82199F83700EB3A56 /* gui */,
				087412C03E06A85B02A8CADC /* clips */,
				3B2215E58326AAB9CFE7AE31 /* tracks */,
				22EC5BB7661C95C5EDA58814 /* session.h */,
				73ACD8C97431D6A7DC06E78B /* mqttSynchroniser.h */,
				9611FED497855F98DF070448 /* ofxLiveSet.h */,
				F24119535972DF97CC08CD2F /* project.h */,
			);
			name = src;
			sourceTree = "<group>";
		};
		59F3E9FB6EB6E7BD2A0D8BC5 /* src */ = {
			isa = PBXGroup;
			children = (
				4BAF8980298C6893682EB2BF /* ofxDmx.h */,
				9392DC5EC44D982A4E75D450 /* ofxDmx.cpp */,
			);
			name = src;
			sourceTree = "<group>";
		};
		5A08CCDC8D19E7162DE57128 /* libs */ = {
			isa = PBXGroup;
			children = (
				945CEFADFB0DF400A92A507C /* rtmidi */,
			);
			name = libs;
			sourceTree = "<group>";
		};
		641362CA659FAFEE4E81001B /* posix */ = {
			isa = PBXGroup;
			children = (
				3B361208CD4107E479F04E7B /* NetworkingUtils.cpp */,
				E6DEF695B88BA5FAACEAA937 /* UdpSocket.cpp */,
			);
			name = posix;
			sourceTree = "<group>";
		};
		6948EE371B920CB800B5AC1A /* local_addons */ = {
			isa = PBXGroup;
			children = (
				CEAF1A26C463987431143B7E /* ofxDmx */,
				75A43A2A9300CAD0761487E1 /* ofxMQTT */,
				FED79D273312978DF91B53C0 /* ofxMidiMapper */,
				4DB16977FEABD12A76F1B661 /* ofxKeyMapper */,
				8352EBB19BDA6ED9FB4BAE68 /* ofxSoundAnalyser */,
			);
			name = local_addons;
			sourceTree = "<group>";
		};
		69D0B0837697C074C9CF74DA /* src */ = {
			isa = PBXGroup;
			children = (
				A79F5B81D398D2FEA8E77A05 /* util_mosq.h */,
				AF5E8C2A87F91CB9D2EC55C6 /* tls_mosq.c */,
				BC90C95E2679BE953B9441B5 /* logging_mosq.h */,
				FC1513D8C158AD2445E0EB67 /* net_mosq.c */,
				3E5D213C7D8C387A3E8277A3 /* send_mosq.h */,
				A2E134D1AFB6160A77C18F5F /* config.h */,
				96DB89E6D85AD54ACE9CF663 /* read_handle_shared.c */,
				DE67CAB423AB6E05A8EB616C /* read_handle_client.c */,
				EF45DDBE5A59AED075FF9C6E /* messages_mosq.c */,
				70637727D3EC97BD8E3F0878 /* mosquitto_internal.h */,
				B30596868D36ED9390D5EF79 /* mosquitto.h */,
				E174BEDB7640DA6B9F3EE935 /* read_handle.c */,
				E232D73FE09C910A6CE22BF5 /* will_mosq.c */,
				CD3E3BB3BBDDB1011AFF5ECA /* time_mosq.c */,
				938763FD2706DB8CE39CC6B0 /* socks_mosq.h */,
				947D88BCA299DFBCE74A09C5 /* memory_mosq.h */,
				1474291CEFD145011B427E63 /* tls_mosq.h */,
				372D8B2EA76C5A1A6E4F095B /* thread_mosq.c */,
				D3966A67503CD9EE42BEF090 /* util_mosq.c */,
				D281AAF8103685747905BE4D /* dummypthread.h */,
				3FCDB8190BD1317F17CFD9ED /* net_mosq.h */,
				A74FFACAC6349365BD07E2A2 /* logging_mosq.c */,
				2D34C6C0D5F23221F25E7CBF /* send_mosq.c */,
				659AB4C2445E81258285F1C2 /* send_client_mosq.c */,
				8C7C465BF37615545BD729C0 /* mosquitto.c */,
				69EFE3794366A317B8A74656 /* mqtt3_protocol.h */,
				014A1F49AA20F8DE0802E19E /* messages_mosq.h */,
				FD11270E1BB19106DF40404A /* memory_mosq.c */,
				CA6461B56508A2567DDB95AD /* socks_mosq.c */,
				95B7A21DBAF752497A6733B2 /* time_mosq.h */,
				1FCBB2D019F7C31B159BF0E7 /* read_handle.h */,
				877854A6A09A484E87308B2B /* srv_mosq.c */,
				4CB3000389A799744F0F9215 /* will_mosq.h */,
			);
			name = src;
			sourceTree = "<group>";
		};
		6B0B54E1AB2BF6E87B48C062 /* src */ = {
			isa = PBXGroup;
			children = (
				D39D836E26DCCDE4A47C2C31 /* ofxMidiMappable.cpp */,
				5F42ACCE157CA22686D83BA5 /* ofxMidiMappableVoid.h */,
				8F321EC2739A5246AA49A1D0 /* ofxMidiMappableBool.h */,
				D3CF05A2924CD88FC9551CF5 /* ofxMidiMappable.h */,
				3A5471B6D1939E9E099FF9A6 /* ofxMidiMappableInt.h */,
				72FDF94650CC2A8F89CBE368 /* ofxMidiMapper.h */,
				0665DD4B9FD36CF8B6617051 /* ofxMidiMappableFloat.h */,
				AB92FBC819275B1E263070BF /* ofxMidiMapper.cpp */,
			);
			name = src;
			sourceTree = "<group>";
		};
		75A43A2A9300CAD0761487E1 /* ofxMQTT */ = {
			isa = PBXGroup;
			children = (
				769C718888BD9E8C9EF35C8E /* src */,
				91091E144F2C09981E2050E4 /* libs */,
			);
			name = ofxMQTT;
			sourceTree = "<group>";
		};
		769C718888BD9E8C9EF35C8E /* src */ = {
			isa = PBXGroup;
			children = (
				7843F28D3C1012BE5B660BE7 /* ofxMQTT.h */,
				A111E2BFFAC845899ECD9687 /* ofxMQTT.cpp */,
			);
			name = src;
			sourceTree = "<group>";
		};
		7794754B76EF3AA14219AFC2 /* graphic */ = {
			isa = PBXGroup;
			children = (
				A0F65FA004F84FA46115E6D5 /* lines.h */,
				3A11E8C3DF330D55E092C530 /* rects.h */,
			);
			name = graphic;
			sourceTree = "<group>";
		};
		7F656E1BEE0DCE124B100CD2 /* src */ = {
			isa = PBXGroup;
			children = (
				738DC495D9FA63AAF2FCA918 /* ofxSoundAnalyser.h */,
			);
			name = src;
			sourceTree = "<group>";
		};
		8352EBB19BDA6ED9FB4BAE68 /* ofxSoundAnalyser */ = {
			isa = PBXGroup;
			children = (
				7F656E1BEE0DCE124B100CD2 /* src */,
			);
			name = ofxSoundAnalyser;
			sourceTree = "<group>";
		};
		86D2677079A3AF4A5A88E29A /* oscpack */ = {
			isa = PBXGroup;
			children = (
				D27B2221A225CA523C019676 /* src */,
			);
			name = oscpack;
			sourceTree = "<group>";
		};
		91091E144F2C09981E2050E4 /* libs */ = {
			isa = PBXGroup;
			children = (
				05EC12C8A8C4E94610F12C35 /* mosquitto */,
			);
			name = libs;
			sourceTree = "<group>";
		};
		945CEFADFB0DF400A92A507C /* rtmidi */ = {
			isa = PBXGroup;
			children = (
				ABDEF0ACF05BF28F5C74E008 /* RtMidi.cpp */,
				A8793707281FD436C34316A5 /* RtMidi.h */,
			);
			name = rtmidi;
			sourceTree = "<group>";
		};
		99DED6A5D3EDE030B1A80348 /* desktop */ = {
			isa = PBXGroup;
			children = (
				470CF04F1D4D1B38D5AA1797 /* ofxRtMidiOut.h */,
				F634AA6CA2E3C60F3B87B59A /* ofxRtMidiIn.cpp */,
				712B183BC00EBFFB1EEA5AB8 /* ofxRtMidiOut.cpp */,
				208298154B11456DCD0BE131 /* ofxRtMidiIn.h */,
			);
			name = desktop;
			sourceTree = "<group>";
		};
		9CBF51184BE294FD9D73043F /* src */ = {
			isa = PBXGroup;
			children = (
				10E2C891AAA166534B1F3B4E /* ofxMidiTimecode.cpp */,
				B76FA489151DBAF1616DF378 /* ofxMidiIn.h */,
				938214A2795AA8FED29086DB /* ofxMidiConstants.h */,
				497DDB0B7AD97CCBA7FDB133 /* ofxMidiClock.h */,
				94B3C3C21F92F9310CA90986 /* ofxBaseMidi.cpp */,
				04F77E5C73A62E2E77C78EC6 /* ofxMidiOut.cpp */,
				81436E53CC4A77E326F659C3 /* ofxMidiOut.h */,
				99DED6A5D3EDE030B1A80348 /* desktop */,
				A937731265782800A8359098 /* ofxMidiClock.cpp */,
				54DC82C20E63BAC0F0F926FA /* ofxMidiTimecode.h */,
				BD0E7AC8BE205034D5B377A6 /* ofxMidiMessage.h */,
				C0E7EDA67EDF213FC0E83D17 /* ofxMidiMessage.cpp */,
				E16BB73D19DD0713FDCC7986 /* ofxMidiTypes.h */,
				05F6CF127D4A621113D4A62F /* ofxMidi.h */,
				E238CCDE032640E0FEBFAD82 /* ofxMidi.cpp */,
				3DD359247F3ED1550D8BB5C9 /* ofxMidiIn.cpp */,
				4310BEFDE24FF04FEBEE8086 /* ofxBaseMidi.h */,
			);
			name = src;
			sourceTree = "<group>";
		};
		9FC4D2FEAB69EADB5630D983 /* clips */ = {
			isa = PBXGroup;
			children = (
				4EABDA1E9C53C588C60284A5 /* dmx */,
				7794754B76EF3AA14219AFC2 /* graphic */,
			);
			name = clips;
			sourceTree = "<group>";
		};
		A1BAD6A6E56B82B5D637C892 /* utils */ = {
			isa = PBXGroup;
			children = (
				CC9AA7EB2D01F69D4725244D /* still.h */,
				C004A961F44C21D9DF4E605D /* midi2dmx.h */,
			);
			name = utils;
			sourceTree = "<group>";
		};
		A763ED608B35AE3310251DEE /* src */ = {
			isa = PBXGroup;
			children = (
				1C0DA2561397A7DE0246858B /* ofxGuiGroup.h */,
				9604B925D32EE39065747725 /* ofxBaseGui.cpp */,
				181D363B6DD54D1FA6309C43 /* ofxColorPicker.cpp */,
				802251BAF1B35B1D67B32FD0 /* ofxSliderGroup.cpp */,
				907C5B5E104864A2D3A25745 /* ofxToggle.cpp */,
				C88333E71C9457E441C33474 /* ofxButton.cpp */,
				ECF8674C7975F1063C5E30CA /* ofxGuiGroup.cpp */,
				44B351490B620D04E1E7C52D /* ofxInputField.cpp */,
				0A1DAC09F322AE313A40706D /* ofxToggle.h */,
				78D67A00EB899FAC09430597 /* ofxLabel.cpp */,
				52AFA1F08C420992CAAAE648 /* ofxSlider.h */,
				17E65988300FBD9AAA2CD0CA /* ofxGui.h */,
				87F26B4B24CBD428AD9EEBAA /* ofxBaseGui.h */,
				2834D88A62CD23F3DE2C47D1 /* ofxButton.h */,
				B87C60311EC1FE841C1ECD89 /* ofxLabel.h */,
				AE68B54581BE4A1DAE853180 /* ofxInputField.h */,
				C70D8946940288799E82131E /* ofxSliderGroup.h */,
				E112B3AEBEA2C091BF2B40AE /* ofxPanel.cpp */,
				15F2C6477A769C03A56D1401 /* ofxSlider.cpp */,
				489B196944B06ADC2A071076 /* ofxColorPicker.h */,
				89449E3044D456F7DE7BEA14 /* ofxPanel.h */,
			);
			name = src;
			sourceTree = "<group>";
		};
		BB4B014C10F69532006C3DED /* addons */ = {
			isa = PBXGroup;
			children = (
				480A780D8D0308AE4A368801 /* ofxGui */,
				EC1BBEB3070A8FF799692C6C /* ofxLiveSet */,
				2413C01760B1811BED0F502D /* ofxMidi */,
				E6053AB7FEC63D5F83825B88 /* ofxOsc */,
			);
			name = addons;
			sourceTree = "<group>";
		};
		BD2F1A9F8D0C05EDB29122D0 /* src */ = {
			isa = PBXGroup;
			children = (
				B31C608870ECEB2490A93736 /* ofxOscParameterSync.h */,
				0AED834CE4DEC5260AF302A2 /* ofxOscParameterSync.cpp */,
				DF49D76C45D5DB505A234880 /* ofxOscMessage.cpp */,
				00D6D32B84B099226431108C /* ofxOsc.h */,
				65EEFA3DA3526E9CDD9C21F9 /* ofxOscBundle.cpp */,
				8C75AFC8774A62495DD53464 /* ofxOscReceiver.h */,
				7689F8A0F3D0B7635A8C3104 /* ofxOscArg.h */,
				C2FAC65C491D4231379F3298 /* ofxOscReceiver.cpp */,
				C58862C6D212C8E8A83810F4 /* ofxOscMessage.h */,
				8B30E93FD3D3475EED522A0E /* ofxOscBundle.h */,
				81967292BFC87A0144BD32C6 /* ofxOscSender.cpp */,
				9F7986DC4EB05E75FCE2C777 /* ofxOscSender.h */,
			);
			name = src;
			sourceTree = "<group>";
		};
		CEAF1A26C463987431143B7E /* ofxDmx */ = {
			isa = PBXGroup;
			children = (
				59F3E9FB6EB6E7BD2A0D8BC5 /* src */,
			);
			name = ofxDmx;
			sourceTree = "<group>";
		};
		CF1F36E82199F83700EB3A56 /* gui */ = {
			isa = PBXGroup;
			children = (
				CF1F36E9219A11B200EB3A56 /* infoPanel.h */,
			);
			name = gui;
			path = "New Group";
			sourceTree = "<group>";
		};
		D27B2221A225CA523C019676 /* src */ = {
			isa = PBXGroup;
			children = (
				30CB364908817057B430D528 /* osc */,
				FF8CDF57858E9B94E3237115 /* ip */,
			);
			name = src;
			sourceTree = "<group>";
		};
		E4328144138ABC890047C5CB /* Products */ = {
			isa = PBXGroup;
			children = (
				E4328148138ABC890047C5CB /* openFrameworksDebug.a */,
			);
			name = Products;
			sourceTree = "<group>";
		};
		E4B69B4A0A3A1720003C02F2 = {
			isa = PBXGroup;
			children = (
				E4B6FCAD0C3E899E008CF71C /* openFrameworks-Info.plist */,
				E4EB6923138AFD0F00A09F29 /* Project.xcconfig */,
				E4B69E1C0A3A1BDC003C02F2 /* src */,
				E4EEC9E9138DF44700A80321 /* openFrameworks */,
				BB4B014C10F69532006C3DED /* addons */,
				6948EE371B920CB800B5AC1A /* local_addons */,
				E4B69B5B0A3A1756003C02F2 /* example-klanglichtstromDebug.app */,
			);
			sourceTree = "<group>";
		};
		E4B69E1C0A3A1BDC003C02F2 /* src */ = {
			isa = PBXGroup;
			children = (
				E4B69E1D0A3A1BDC003C02F2 /* main.cpp */,
				E4B69E1E0A3A1BDC003C02F2 /* ofApp.cpp */,
				E4B69E1F0A3A1BDC003C02F2 /* ofApp.h */,
				9FC4D2FEAB69EADB5630D983 /* clips */,
			);
			path = src;
			sourceTree = SOURCE_ROOT;
		};
		E4EEC9E9138DF44700A80321 /* openFrameworks */ = {
			isa = PBXGroup;
			children = (
				E4EB691F138AFCF100A09F29 /* CoreOF.xcconfig */,
				E4328143138ABC890047C5CB /* openFrameworksLib.xcodeproj */,
			);
			name = openFrameworks;
			sourceTree = "<group>";
		};
		E6053AB7FEC63D5F83825B88 /* ofxOsc */ = {
			isa = PBXGroup;
			children = (
				BD2F1A9F8D0C05EDB29122D0 /* src */,
				38871A5825686AE018EC2BF0 /* libs */,
			);
			name = ofxOsc;
			sourceTree = "<group>";
		};
		EC1BBEB3070A8FF799692C6C /* ofxLiveSet */ = {
			isa = PBXGroup;
			children = (
				55CF2884A88B230627CC0F34 /* src */,
			);
			name = ofxLiveSet;
			sourceTree = "<group>";
		};
		FED79D273312978DF91B53C0 /* ofxMidiMapper */ = {
			isa = PBXGroup;
			children = (
				6B0B54E1AB2BF6E87B48C062 /* src */,
			);
			name = ofxMidiMapper;
			sourceTree = "<group>";
		};
		FF8CDF57858E9B94E3237115 /* ip */ = {
			isa = PBXGroup;
			children = (
				641362CA659FAFEE4E81001B /* posix */,
				2FD4B0329909D3527F003494 /* UdpSocket.h */,
				444657A12E59D0ED86981498 /* TimerListener.h */,
				23640F57DF6C4BB6BFC5DA4C /* PacketListener.h */,
				48974F980F51769171D0B2F5 /* IpEndpointName.h */,
				ADD194746185E2DA11468377 /* IpEndpointName.cpp */,
				F7FBC56859535E597B24BB91 /* NetworkingUtils.h */,
			);
			name = ip;
			sourceTree = "<group>";
		};
/* End PBXGroup section */

/* Begin PBXNativeTarget section */
		E4B69B5A0A3A1756003C02F2 /* example-klanglichtstrom */ = {
			isa = PBXNativeTarget;
			buildConfigurationList = E4B69B5F0A3A1757003C02F2 /* Build configuration list for PBXNativeTarget "example-klanglichtstrom" */;
			buildPhases = (
				E4B69B580A3A1756003C02F2 /* Sources */,
				E4B69B590A3A1756003C02F2 /* Frameworks */,
				E4B6FFFD0C3F9AB9008CF71C /* ShellScript */,
				E4C2427710CC5ABF004149E2 /* CopyFiles */,
				8466F1851C04CA0E00918B1C /* ShellScript */,
			);
			buildRules = (
			);
			dependencies = (
				E4EEB9AC138B136A00A80321 /* PBXTargetDependency */,
			);
			name = "example-klanglichtstrom";
			productName = myOFApp;
			productReference = E4B69B5B0A3A1756003C02F2 /* example-klanglichtstromDebug.app */;
			productType = "com.apple.product-type.application";
		};
/* End PBXNativeTarget section */

/* Begin PBXProject section */
		E4B69B4C0A3A1720003C02F2 /* Project object */ = {
			isa = PBXProject;
			attributes = {
				LastUpgradeCheck = 0600;
			};
			buildConfigurationList = E4B69B4D0A3A1720003C02F2 /* Build configuration list for PBXProject "example-klanglichtstrom" */;
			compatibilityVersion = "Xcode 3.2";
			developmentRegion = English;
			hasScannedForEncodings = 0;
			knownRegions = (
				English,
				Japanese,
				French,
				German,
			);
			mainGroup = E4B69B4A0A3A1720003C02F2;
			productRefGroup = E4B69B4A0A3A1720003C02F2;
			projectDirPath = "";
			projectReferences = (
				{
					ProductGroup = E4328144138ABC890047C5CB /* Products */;
					ProjectRef = E4328143138ABC890047C5CB /* openFrameworksLib.xcodeproj */;
				},
			);
			projectRoot = "";
			targets = (
				E4B69B5A0A3A1756003C02F2 /* example-klanglichtstrom */,
			);
		};
/* End PBXProject section */

/* Begin PBXReferenceProxy section */
		E4328148138ABC890047C5CB /* openFrameworksDebug.a */ = {
			isa = PBXReferenceProxy;
			fileType = archive.ar;
			path = openFrameworksDebug.a;
			remoteRef = E4328147138ABC890047C5CB /* PBXContainerItemProxy */;
			sourceTree = BUILT_PRODUCTS_DIR;
		};
/* End PBXReferenceProxy section */

/* Begin PBXShellScriptBuildPhase section */
		8466F1851C04CA0E00918B1C /* ShellScript */ = {
			isa = PBXShellScriptBuildPhase;
			buildActionMask = 12;
			files = (
			);
			inputPaths = (
			);
			outputPaths = (
			);
			runOnlyForDeploymentPostprocessing = 0;
			shellPath = /bin/sh;
			shellScript = "echo \"$GCC_PREPROCESSOR_DEFINITIONS\";\nAPPSTORE=`expr \"$GCC_PREPROCESSOR_DEFINITIONS\" : \".*APPSTORE=\\([0-9]*\\)\"`\nif [ -z \"$APPSTORE\" ] ; then\necho \"Note: Not copying bin/data to App Package or doing App Code signing. Use AppStore target for AppStore distribution\";\nelse\n# Copy bin/data into App/Resources\nrsync -avz --exclude='.DS_Store' \"${SRCROOT}/bin/data/\" \"${TARGET_BUILD_DIR}/${UNLOCALIZED_RESOURCES_FOLDER_PATH}/data/\"\n\n# ---- Code Sign App Package ----\n\n# WARNING: You may have to run Clean in Xcode after changing CODE_SIGN_IDENTITY!\n\n# Verify that $CODE_SIGN_IDENTITY is set\nif [ -z \"${CODE_SIGN_IDENTITY}\" ] ; then\necho \"CODE_SIGN_IDENTITY needs to be set for framework code-signing\"\nexit 0\nfi\n\nif [ -z \"${CODE_SIGN_ENTITLEMENTS}\" ] ; then\necho \"CODE_SIGN_ENTITLEMENTS needs to be set for framework code-signing!\"\n\nif [ \"${CONFIGURATION}\" = \"Release\" ] ; then\nexit 1\nelse\n# Code-signing is optional for non-release builds.\nexit 0\nfi\nfi\n\nITEMS=\"\"\n\nFRAMEWORKS_DIR=\"${TARGET_BUILD_DIR}/${FRAMEWORKS_FOLDER_PATH}\"\necho \"$FRAMEWORKS_DIR\"\nif [ -d \"$FRAMEWORKS_DIR\" ] ; then\nFRAMEWORKS=$(find \"${FRAMEWORKS_DIR}\" -depth -type d -name \"*.framework\" -or -name \"*.dylib\" -or -name \"*.bundle\" | sed -e \"s/\\(.*framework\\)/\\1\\/Versions\\/A\\//\")\nRESULT=$?\nif [[ $RESULT != 0 ]] ; then\nexit 1\nfi\n\nITEMS=\"${FRAMEWORKS}\"\nfi\n\nLOGINITEMS_DIR=\"${TARGET_BUILD_DIR}/${CONTENTS_FOLDER_PATH}/Library/LoginItems/\"\nif [ -d \"$LOGINITEMS_DIR\" ] ; then\nLOGINITEMS=$(find \"${LOGINITEMS_DIR}\" -depth -type d -name \"*.app\")\nRESULT=$?\nif [[ $RESULT != 0 ]] ; then\nexit 1\nfi\n\nITEMS=\"${ITEMS}\"$'\\n'\"${LOGINITEMS}\"\nfi\n\n# Prefer the expanded name, if available.\nCODE_SIGN_IDENTITY_FOR_ITEMS=\"${EXPANDED_CODE_SIGN_IDENTITY_NAME}\"\nif [ \"${CODE_SIGN_IDENTITY_FOR_ITEMS}\" = \"\" ] ; then\n# Fall back to old behavior.\nCODE_SIGN_IDENTITY_FOR_ITEMS=\"${CODE_SIGN_IDENTITY}\"\nfi\n\necho \"Identity:\"\necho \"${CODE_SIGN_IDENTITY_FOR_ITEMS}\"\n\necho \"Entitlements:\"\necho \"${CODE_SIGN_ENTITLEMENTS}\"\n\necho \"Found:\"\necho \"${ITEMS}\"\n\n# Change the Internal Field Separator (IFS) so that spaces in paths will not cause problems below.\nSAVED_IFS=$IFS\nIFS=$(echo -en \"\\n\\b\")\n\n# Loop through all items.\nfor ITEM in $ITEMS;\ndo\necho \"Signing '${ITEM}'\"\ncodesign --force --verbose --sign \"${CODE_SIGN_IDENTITY_FOR_ITEMS}\" --entitlements \"${CODE_SIGN_ENTITLEMENTS}\" \"${ITEM}\"\nRESULT=$?\nif [[ $RESULT != 0 ]] ; then\necho \"Failed to sign '${ITEM}'.\"\nIFS=$SAVED_IFS\nexit 1\nfi\ndone\n\n# Restore $IFS.\nIFS=$SAVED_IFS\n\nfi\n";
		};
		E4B6FFFD0C3F9AB9008CF71C /* ShellScript */ = {
			isa = PBXShellScriptBuildPhase;
			buildActionMask = 2147483647;
			files = (
			);
			inputPaths = (
			);
			outputPaths = (
			);
			runOnlyForDeploymentPostprocessing = 0;
			shellPath = /bin/sh;
			shellScript = "mkdir -p \"$TARGET_BUILD_DIR/$PRODUCT_NAME.app/Contents/Resources/\"\n# Copy default icon file into App/Resources\nrsync -aved \"$ICON_FILE\" \"$TARGET_BUILD_DIR/$PRODUCT_NAME.app/Contents/Resources/\"\n# Copy libfmod and change install directory for fmod to run\nrsync -aved \"$OF_PATH/libs/fmodex/lib/osx/libfmodex.dylib\" \"$TARGET_BUILD_DIR/$PRODUCT_NAME.app/Contents/Frameworks/\";\ninstall_name_tool -change @executable_path/libfmodex.dylib @executable_path/../Frameworks/libfmodex.dylib \"$TARGET_BUILD_DIR/$PRODUCT_NAME.app/Contents/MacOS/$PRODUCT_NAME\";\n\necho \"$GCC_PREPROCESSOR_DEFINITIONS\";\n";
		};
/* End PBXShellScriptBuildPhase section */

/* Begin PBXSourcesBuildPhase section */
		E4B69B580A3A1756003C02F2 /* Sources */ = {
			isa = PBXSourcesBuildPhase;
			buildActionMask = 2147483647;
			files = (
				E4B69E200A3A1BDC003C02F2 /* main.cpp in Sources */,
				E4B69E210A3A1BDC003C02F2 /* ofApp.cpp in Sources */,
				856AA354D08AB4B323081444 /* ofxBaseGui.cpp in Sources */,
				853E0BA2F448076739446874 /* ofxColorPicker.cpp in Sources */,
				B56FE57CC35806596D38118C /* ofxSliderGroup.cpp in Sources */,
				1CD33E884D9E3358252E82A1 /* ofxToggle.cpp in Sources */,
				5CBB2AB3A60F65431D7B555D /* ofxButton.cpp in Sources */,
				B266578FC55D23BFEBC042E7 /* ofxGuiGroup.cpp in Sources */,
				852E0891794923EE7583C621 /* ofxInputField.cpp in Sources */,
				483908258D00B98B4BE69F07 /* ofxLabel.cpp in Sources */,
				F285EB3169F1566CA3D93C20 /* ofxPanel.cpp in Sources */,
				837220E80EB56CD44AD27F2A /* ofxSlider.cpp in Sources */,
				1030C647FD06E4D3E054F65D /* ofxMidiTimecode.cpp in Sources */,
				1A86B7721CAEBC6F1C572C45 /* ofxBaseMidi.cpp in Sources */,
				83D9F930112E0944444124EE /* ofxMidiOut.cpp in Sources */,
				BCC8D420CBA9217E437D2D76 /* ofxRtMidiIn.cpp in Sources */,
				3AEFE4FA8AD5C72671AD07F8 /* ofxRtMidiOut.cpp in Sources */,
				881AF887EC2124F4105DE9E1 /* ofxMidiClock.cpp in Sources */,
				C6FE64F74F1EA1D98C8F9847 /* ofxMidiMessage.cpp in Sources */,
				63F9FE1D90234FA6DE6F509E /* ofxMidi.cpp in Sources */,
				0BFC9C20FD7E3C8D5873AA97 /* ofxMidiIn.cpp in Sources */,
				63D0FD8734D5760B8080C901 /* RtMidi.cpp in Sources */,
				4ADB88E2FB52E76A471065DE /* ofxOscParameterSync.cpp in Sources */,
				5864AD82E20F15536D054EA3 /* ofxOscMessage.cpp in Sources */,
				72A929D3561B8232A182ABFC /* ofxOscBundle.cpp in Sources */,
				640279EE111671BD026CB013 /* ofxOscReceiver.cpp in Sources */,
				8F5205AEF8861EF234F0651A /* ofxOscSender.cpp in Sources */,
				62545D179C94265CA1389D4A /* OscOutboundPacketStream.cpp in Sources */,
				879A251454401BC0B6E4F238 /* OscTypes.cpp in Sources */,
				0546D1A38E13BD319CC9755B /* OscReceivedElements.cpp in Sources */,
				C4782ECC372420ACE0615B74 /* OscPrintReceivedElements.cpp in Sources */,
				67FE4C7B15C2F0478C8126C2 /* NetworkingUtils.cpp in Sources */,
				510CAFE035E576A4E1502D52 /* UdpSocket.cpp in Sources */,
				ADE367465D2A8EBAD4C7A8D9 /* IpEndpointName.cpp in Sources */,
				6FC35AE9FF2BA37AAA22F22B /* ofxDmx.cpp in Sources */,
				CA76139226F38C82C20F7285 /* ofxMQTT.cpp in Sources */,
				ADF3B754F9F6FE9D9055D0AF /* tls_mosq.c in Sources */,
				F46480E23A9B0A064C85B911 /* net_mosq.c in Sources */,
				B607B3001E1474A1183EFFE9 /* read_handle_shared.c in Sources */,
				CD47F1EDC1EB756D70EC3A54 /* read_handle_client.c in Sources */,
				0CF609398035A139739C642F /* messages_mosq.c in Sources */,
				E1CCA7479A53A3597C9FE8A6 /* read_handle.c in Sources */,
				CC227C1954A371EAC038A77B /* will_mosq.c in Sources */,
				9DAB8F5963AB7CF59956F7A1 /* time_mosq.c in Sources */,
				607049008A0E2DE62923C795 /* thread_mosq.c in Sources */,
				D58A954937F42C124F569A52 /* util_mosq.c in Sources */,
				ABBE591657F86342C6FD1A01 /* logging_mosq.c in Sources */,
				9B2CF76383928ACE80C27380 /* send_mosq.c in Sources */,
				229B5AA447F6239C8BDC3931 /* send_client_mosq.c in Sources */,
				6E28ED573A9439AD4275E4B6 /* mosquitto.c in Sources */,
				6E371BE1DF488FFCC6D96974 /* memory_mosq.c in Sources */,
				33D12D60C8B487012D039982 /* socks_mosq.c in Sources */,
				7099DFCD6980112C91932B5D /* srv_mosq.c in Sources */,
				75D5E53067E1EE8D50367361 /* ofxMidiMappable.cpp in Sources */,
				07FA109EBC01AC30579D0CEB /* ofxMidiMapper.cpp in Sources */,
				CD943450E56BC0E8FA77CD2C /* ofxKeyMappable.cpp in Sources */,
				EA87A811842DD10A4E83F62E /* ofxKeyMapper.cpp in Sources */,
			);
			runOnlyForDeploymentPostprocessing = 0;
		};
/* End PBXSourcesBuildPhase section */

/* Begin PBXTargetDependency section */
		E4EEB9AC138B136A00A80321 /* PBXTargetDependency */ = {
			isa = PBXTargetDependency;
			name = openFrameworks;
			targetProxy = E4EEB9AB138B136A00A80321 /* PBXContainerItemProxy */;
		};
/* End PBXTargetDependency section */

/* Begin XCBuildConfiguration section */
		99FA3DBB1C7456C400CFA0EE /* AppStore */ = {
			isa = XCBuildConfiguration;
			baseConfigurationReference = E4EB6923138AFD0F00A09F29 /* Project.xcconfig */;
			buildSettings = {
				CONFIGURATION_BUILD_DIR = "$(SRCROOT)/bin/";
				COPY_PHASE_STRIP = YES;
				DEAD_CODE_STRIPPING = YES;
				GCC_AUTO_VECTORIZATION = YES;
				GCC_ENABLE_SSE3_EXTENSIONS = YES;
				GCC_ENABLE_SUPPLEMENTAL_SSE3_INSTRUCTIONS = YES;
				GCC_INLINES_ARE_PRIVATE_EXTERN = NO;
				GCC_OPTIMIZATION_LEVEL = 3;
				"GCC_PREPROCESSOR_DEFINITIONS[arch=*]" = "DISTRIBUTION=1";
				GCC_SYMBOLS_PRIVATE_EXTERN = NO;
				GCC_UNROLL_LOOPS = YES;
				GCC_WARN_ABOUT_DEPRECATED_FUNCTIONS = YES;
				GCC_WARN_ABOUT_INVALID_OFFSETOF_MACRO = NO;
				GCC_WARN_ALLOW_INCOMPLETE_PROTOCOL = NO;
				GCC_WARN_UNINITIALIZED_AUTOS = NO;
				GCC_WARN_UNUSED_VALUE = NO;
				GCC_WARN_UNUSED_VARIABLE = NO;
				HEADER_SEARCH_PATHS = (
					"$(OF_CORE_HEADERS)",
					src,
					src/clips/dmx,
					src/clips/dmx/utils,
					src/clips/graphic,
					../../../addons/ofxGui/src,
					../../../addons/ofxLiveSet/src,
					../../../addons/ofxLiveSet/src/clips,
					../../../addons/ofxLiveSet/src/gui,
					../../../addons/ofxLiveSet/src/tracks,
					../../../addons/ofxMidi/libs,
					../../../addons/ofxMidi/libs/pgmidi,
					../../../addons/ofxMidi/libs/rtmidi,
					../../../addons/ofxMidi/src,
					../../../addons/ofxMidi/src/desktop,
					../../../addons/ofxMidi/src/ios,
					../../../addons/ofxOsc/libs,
					../../../addons/ofxOsc/libs/oscpack,
					../../../addons/ofxOsc/libs/oscpack/src,
					../../../addons/ofxOsc/libs/oscpack/src/ip,
					../../../addons/ofxOsc/libs/oscpack/src/ip/posix,
					../../../addons/ofxOsc/libs/oscpack/src/ip/win32,
					../../../addons/ofxOsc/libs/oscpack/src/osc,
					../../../addons/ofxOsc/src,
					local_addons/ofxDmx/src,
					local_addons/ofxMQTT/libs,
					local_addons/ofxMQTT/libs/mosquitto,
					local_addons/ofxMQTT/libs/mosquitto/src,
					local_addons/ofxMQTT/src,
					local_addons/ofxMidiMapper/src,
					local_addons/ofxKeyMapper/src,
					local_addons/ofxSoundAnalyser/src,
				);
				MACOSX_DEPLOYMENT_TARGET = 10.9;
				OTHER_CPLUSPLUSFLAGS = (
					"-D__MACOSX_CORE__",
					"-mtune=native",
				);
				SDKROOT = macosx;
			};
			name = AppStore;
		};
		99FA3DBC1C7456C400CFA0EE /* AppStore */ = {
			isa = XCBuildConfiguration;
			baseConfigurationReference = E4EB6923138AFD0F00A09F29 /* Project.xcconfig */;
			buildSettings = {
				COMBINE_HIDPI_IMAGES = YES;
				COPY_PHASE_STRIP = YES;
				FRAMEWORK_SEARCH_PATHS = "$(inherited)";
				GCC_GENERATE_DEBUGGING_SYMBOLS = YES;
				GCC_MODEL_TUNING = NONE;
				"GCC_PREPROCESSOR_DEFINITIONS[arch=*]" = "APPSTORE=1";
				HEADER_SEARCH_PATHS = (
					"$(OF_CORE_HEADERS)",
					src,
					src/clips/dmx,
					src/clips/dmx/utils,
					src/clips/graphic,
					../../../addons/ofxGui/src,
					../../../addons/ofxLiveSet/src,
					../../../addons/ofxLiveSet/src/clips,
					../../../addons/ofxLiveSet/src/gui,
					../../../addons/ofxLiveSet/src/tracks,
					../../../addons/ofxMidi/libs,
					../../../addons/ofxMidi/libs/pgmidi,
					../../../addons/ofxMidi/libs/rtmidi,
					../../../addons/ofxMidi/src,
					../../../addons/ofxMidi/src/desktop,
					../../../addons/ofxMidi/src/ios,
					../../../addons/ofxOsc/libs,
					../../../addons/ofxOsc/libs/oscpack,
					../../../addons/ofxOsc/libs/oscpack/src,
					../../../addons/ofxOsc/libs/oscpack/src/ip,
					../../../addons/ofxOsc/libs/oscpack/src/ip/posix,
					../../../addons/ofxOsc/libs/oscpack/src/ip/win32,
					../../../addons/ofxOsc/libs/oscpack/src/osc,
					../../../addons/ofxOsc/src,
					local_addons/ofxDmx/src,
					local_addons/ofxMQTT/libs,
					local_addons/ofxMQTT/libs/mosquitto,
					local_addons/ofxMQTT/libs/mosquitto/src,
					local_addons/ofxMQTT/src,
					local_addons/ofxMidiMapper/src,
					local_addons/ofxKeyMapper/src,
					local_addons/ofxSoundAnalyser/src,
				);
				ICON = "$(ICON_NAME_RELEASE)";
				ICON_FILE = "$(ICON_FILE_PATH)$(ICON)";
				INFOPLIST_FILE = "openFrameworks-Info.plist";
				INSTALL_PATH = /Applications;
				LIBRARY_SEARCH_PATHS = "$(inherited)";
				PRODUCT_NAME = "$(TARGET_NAME)";
				WRAPPER_EXTENSION = app;
				baseConfigurationReference = E4EB6923138AFD0F00A09F29;
			};
			name = AppStore;
		};
		E4B69B4E0A3A1720003C02F2 /* Debug */ = {
			isa = XCBuildConfiguration;
			baseConfigurationReference = E4EB6923138AFD0F00A09F29 /* Project.xcconfig */;
			buildSettings = {
				CONFIGURATION_BUILD_DIR = "$(SRCROOT)/bin/";
				COPY_PHASE_STRIP = NO;
				DEAD_CODE_STRIPPING = YES;
				GCC_AUTO_VECTORIZATION = YES;
				GCC_ENABLE_SSE3_EXTENSIONS = YES;
				GCC_ENABLE_SUPPLEMENTAL_SSE3_INSTRUCTIONS = YES;
				GCC_INLINES_ARE_PRIVATE_EXTERN = NO;
				GCC_OPTIMIZATION_LEVEL = 0;
				GCC_SYMBOLS_PRIVATE_EXTERN = NO;
				GCC_WARN_ABOUT_DEPRECATED_FUNCTIONS = YES;
				GCC_WARN_ABOUT_INVALID_OFFSETOF_MACRO = NO;
				GCC_WARN_ALLOW_INCOMPLETE_PROTOCOL = NO;
				GCC_WARN_UNINITIALIZED_AUTOS = NO;
				GCC_WARN_UNUSED_VALUE = NO;
				GCC_WARN_UNUSED_VARIABLE = NO;
				HEADER_SEARCH_PATHS = (
					"$(OF_CORE_HEADERS)",
					src,
					src/clips/dmx,
					src/clips/dmx/utils,
					src/clips/graphic,
					../../../addons/ofxGui/src,
					../../../addons/ofxLiveSet/src,
					../../../addons/ofxLiveSet/src/clips,
					../../../addons/ofxLiveSet/src/gui,
					../../../addons/ofxLiveSet/src/tracks,
					../../../addons/ofxMidi/libs,
					../../../addons/ofxMidi/libs/pgmidi,
					../../../addons/ofxMidi/libs/rtmidi,
					../../../addons/ofxMidi/src,
					../../../addons/ofxMidi/src/desktop,
					../../../addons/ofxMidi/src/ios,
					../../../addons/ofxOsc/libs,
					../../../addons/ofxOsc/libs/oscpack,
					../../../addons/ofxOsc/libs/oscpack/src,
					../../../addons/ofxOsc/libs/oscpack/src/ip,
					../../../addons/ofxOsc/libs/oscpack/src/ip/posix,
					../../../addons/ofxOsc/libs/oscpack/src/ip/win32,
					../../../addons/ofxOsc/libs/oscpack/src/osc,
					../../../addons/ofxOsc/src,
					local_addons/ofxDmx/src,
					local_addons/ofxMQTT/libs,
					local_addons/ofxMQTT/libs/mosquitto,
					local_addons/ofxMQTT/libs/mosquitto/src,
					local_addons/ofxMQTT/src,
					local_addons/ofxMidiMapper/src,
					local_addons/ofxKeyMapper/src,
					local_addons/ofxSoundAnalyser/src,
				);
				MACOSX_DEPLOYMENT_TARGET = 10.9;
				ONLY_ACTIVE_ARCH = YES;
				OTHER_CPLUSPLUSFLAGS = (
					"-D__MACOSX_CORE__",
					"-mtune=native",
				);
				SDKROOT = macosx;
			};
			name = Debug;
		};
		E4B69B4F0A3A1720003C02F2 /* Release */ = {
			isa = XCBuildConfiguration;
			baseConfigurationReference = E4EB6923138AFD0F00A09F29 /* Project.xcconfig */;
			buildSettings = {
				CONFIGURATION_BUILD_DIR = "$(SRCROOT)/bin/";
				COPY_PHASE_STRIP = YES;
				DEAD_CODE_STRIPPING = YES;
				GCC_AUTO_VECTORIZATION = YES;
				GCC_ENABLE_SSE3_EXTENSIONS = YES;
				GCC_ENABLE_SUPPLEMENTAL_SSE3_INSTRUCTIONS = YES;
				GCC_INLINES_ARE_PRIVATE_EXTERN = NO;
				GCC_OPTIMIZATION_LEVEL = 3;
				GCC_SYMBOLS_PRIVATE_EXTERN = NO;
				GCC_UNROLL_LOOPS = YES;
				GCC_WARN_ABOUT_DEPRECATED_FUNCTIONS = YES;
				GCC_WARN_ABOUT_INVALID_OFFSETOF_MACRO = NO;
				GCC_WARN_ALLOW_INCOMPLETE_PROTOCOL = NO;
				GCC_WARN_UNINITIALIZED_AUTOS = NO;
				GCC_WARN_UNUSED_VALUE = NO;
				GCC_WARN_UNUSED_VARIABLE = NO;
				HEADER_SEARCH_PATHS = (
					"$(OF_CORE_HEADERS)",
					src,
					src/clips/dmx,
					src/clips/dmx/utils,
					src/clips/graphic,
					../../../addons/ofxGui/src,
					../../../addons/ofxLiveSet/src,
					../../../addons/ofxLiveSet/src/clips,
					../../../addons/ofxLiveSet/src/gui,
					../../../addons/ofxLiveSet/src/tracks,
					../../../addons/ofxMidi/libs,
					../../../addons/ofxMidi/libs/pgmidi,
					../../../addons/ofxMidi/libs/rtmidi,
					../../../addons/ofxMidi/src,
					../../../addons/ofxMidi/src/desktop,
					../../../addons/ofxMidi/src/ios,
					../../../addons/ofxOsc/libs,
					../../../addons/ofxOsc/libs/oscpack,
					../../../addons/ofxOsc/libs/oscpack/src,
					../../../addons/ofxOsc/libs/oscpack/src/ip,
					../../../addons/ofxOsc/libs/oscpack/src/ip/posix,
					../../../addons/ofxOsc/libs/oscpack/src/ip/win32,
					../../../addons/ofxOsc/libs/oscpack/src/osc,
					../../../addons/ofxOsc/src,
					local_addons/ofxDmx/src,
					local_addons/ofxMQTT/libs,
					local_addons/ofxMQTT/libs/mosquitto,
					local_addons/ofxMQTT/libs/mosquitto/src,
					local_addons/ofxMQTT/src,
					local_addons/ofxMidiMapper/src,
					local_addons/ofxKeyMapper/src,
					local_addons/ofxSoundAnalyser/src,
				);
				MACOSX_DEPLOYMENT_TARGET = 10.9;
				OTHER_CPLUSPLUSFLAGS = (
					"-D__MACOSX_CORE__",
					"-mtune=native",
				);
				SDKROOT = macosx;
			};
			name = Release;
		};
		E4B69B600A3A1757003C02F2 /* Debug */ = {
			isa = XCBuildConfiguration;
			baseConfigurationReference = E4EB6923138AFD0F00A09F29 /* Project.xcconfig */;
			buildSettings = {
				COMBINE_HIDPI_IMAGES = YES;
				COPY_PHASE_STRIP = NO;
				FRAMEWORK_SEARCH_PATHS = "$(inherited)";
				GCC_DYNAMIC_NO_PIC = NO;
				GCC_GENERATE_DEBUGGING_SYMBOLS = YES;
				GCC_MODEL_TUNING = NONE;
				HEADER_SEARCH_PATHS = (
					"$(OF_CORE_HEADERS)",
					src,
					src/clips/dmx,
					src/clips/dmx/utils,
					src/clips/graphic,
					../../../addons/ofxGui/src,
					../../../addons/ofxLiveSet/src,
					../../../addons/ofxLiveSet/src/clips,
					../../../addons/ofxLiveSet/src/gui,
					../../../addons/ofxLiveSet/src/tracks,
					../../../addons/ofxMidi/libs,
					../../../addons/ofxMidi/libs/pgmidi,
					../../../addons/ofxMidi/libs/rtmidi,
					../../../addons/ofxMidi/src,
					../../../addons/ofxMidi/src/desktop,
					../../../addons/ofxMidi/src/ios,
					../../../addons/ofxOsc/libs,
					../../../addons/ofxOsc/libs/oscpack,
					../../../addons/ofxOsc/libs/oscpack/src,
					../../../addons/ofxOsc/libs/oscpack/src/ip,
					../../../addons/ofxOsc/libs/oscpack/src/ip/posix,
					../../../addons/ofxOsc/libs/oscpack/src/ip/win32,
					../../../addons/ofxOsc/libs/oscpack/src/osc,
					../../../addons/ofxOsc/src,
					local_addons/ofxDmx/src,
					local_addons/ofxMQTT/libs,
					local_addons/ofxMQTT/libs/mosquitto,
					local_addons/ofxMQTT/libs/mosquitto/src,
					local_addons/ofxMQTT/src,
					local_addons/ofxMidiMapper/src,
					local_addons/ofxKeyMapper/src,
					local_addons/ofxSoundAnalyser/src,
				);
				ICON = "$(ICON_NAME_DEBUG)";
				ICON_FILE = "$(ICON_FILE_PATH)$(ICON)";
				INFOPLIST_FILE = "openFrameworks-Info.plist";
				INSTALL_PATH = /Applications;
				LIBRARY_SEARCH_PATHS = "$(inherited)";
				PRODUCT_NAME = "$(TARGET_NAME)Debug";
				WRAPPER_EXTENSION = app;
			};
			name = Debug;
		};
		E4B69B610A3A1757003C02F2 /* Release */ = {
			isa = XCBuildConfiguration;
			baseConfigurationReference = E4EB6923138AFD0F00A09F29 /* Project.xcconfig */;
			buildSettings = {
				COMBINE_HIDPI_IMAGES = YES;
				COPY_PHASE_STRIP = YES;
				FRAMEWORK_SEARCH_PATHS = "$(inherited)";
				GCC_GENERATE_DEBUGGING_SYMBOLS = YES;
				GCC_MODEL_TUNING = NONE;
				HEADER_SEARCH_PATHS = (
					"$(OF_CORE_HEADERS)",
					src,
					src/clips/dmx,
					src/clips/dmx/utils,
					src/clips/graphic,
					../../../addons/ofxGui/src,
					../../../addons/ofxLiveSet/src,
					../../../addons/ofxLiveSet/src/clips,
					../../../addons/ofxLiveSet/src/gui,
					../../../addons/ofxLiveSet/src/tracks,
					../../../addons/ofxMidi/libs,
					../../../addons/ofxMidi/libs/pgmidi,
					../../../addons/ofxMidi/libs/rtmidi,
					../../../addons/ofxMidi/src,
					../../../addons/ofxMidi/src/desktop,
					../../../addons/ofxMidi/src/ios,
					../../../addons/ofxOsc/libs,
					../../../addons/ofxOsc/libs/oscpack,
					../../../addons/ofxOsc/libs/oscpack/src,
					../../../addons/ofxOsc/libs/oscpack/src/ip,
					../../../addons/ofxOsc/libs/oscpack/src/ip/posix,
					../../../addons/ofxOsc/libs/oscpack/src/ip/win32,
					../../../addons/ofxOsc/libs/oscpack/src/osc,
					../../../addons/ofxOsc/src,
					local_addons/ofxDmx/src,
					local_addons/ofxMQTT/libs,
					local_addons/ofxMQTT/libs/mosquitto,
					local_addons/ofxMQTT/libs/mosquitto/src,
					local_addons/ofxMQTT/src,
					local_addons/ofxMidiMapper/src,
					local_addons/ofxKeyMapper/src,
					local_addons/ofxSoundAnalyser/src,
				);
				ICON = "$(ICON_NAME_RELEASE)";
				ICON_FILE = "$(ICON_FILE_PATH)$(ICON)";
				INFOPLIST_FILE = "openFrameworks-Info.plist";
				INSTALL_PATH = /Applications;
				LIBRARY_SEARCH_PATHS = "$(inherited)";
				PRODUCT_NAME = "$(TARGET_NAME)";
				WRAPPER_EXTENSION = app;
				baseConfigurationReference = E4EB6923138AFD0F00A09F29;
			};
			name = Release;
		};
/* End XCBuildConfiguration section */

/* Begin XCConfigurationList section */
		E4B69B4D0A3A1720003C02F2 /* Build configuration list for PBXProject "example-klanglichtstrom" */ = {
			isa = XCConfigurationList;
			buildConfigurations = (
				E4B69B4E0A3A1720003C02F2 /* Debug */,
				E4B69B4F0A3A1720003C02F2 /* Release */,
				99FA3DBB1C7456C400CFA0EE /* AppStore */,
			);
			defaultConfigurationIsVisible = 0;
			defaultConfigurationName = Release;
		};
		E4B69B5F0A3A1757003C02F2 /* Build configuration list for PBXNativeTarget "example-klanglichtstrom" */ = {
			isa = XCConfigurationList;
			buildConfigurations = (
				E4B69B600A3A1757003C02F2 /* Debug */,
				E4B69B610A3A1757003C02F2 /* Release */,
				99FA3DBC1C7456C400CFA0EE /* AppStore */,
			);
			defaultConfigurationIsVisible = 0;
			defaultConfigurationName = Release;
		};
/* End XCConfigurationList section */
	};
	rootObject = E4B69B4C0A3A1720003C02F2 /* Project object */;
}
